// !$*UTF8*$!
{
	archiveVersion = 1;
	classes = {
	};
	objectVersion = 46;
	objects = {

/* Begin PBXBuildFile section */
		0B2809580F0B4D4980A46FA1 /* Pods_Kiretan0.framework in Frameworks */ = {isa = PBXBuildFile; fileRef = E05A20B411B107A41B7B407C /* Pods_Kiretan0.framework */; };
		5052637F1F4B02EE00113180 /* AppDelegate.swift in Sources */ = {isa = PBXBuildFile; fileRef = 5052637E1F4B02EE00113180 /* AppDelegate.swift */; };
		505263811F4B02EE00113180 /* MainViewController.swift in Sources */ = {isa = PBXBuildFile; fileRef = 505263801F4B02EE00113180 /* MainViewController.swift */; };
		505263841F4B02EE00113180 /* Main.storyboard in Resources */ = {isa = PBXBuildFile; fileRef = 505263821F4B02EE00113180 /* Main.storyboard */; };
		505263861F4B02EE00113180 /* Assets.xcassets in Resources */ = {isa = PBXBuildFile; fileRef = 505263851F4B02EE00113180 /* Assets.xcassets */; };
		505263891F4B02EE00113180 /* LaunchScreen.storyboard in Resources */ = {isa = PBXBuildFile; fileRef = 505263871F4B02EE00113180 /* LaunchScreen.storyboard */; };
		505263941F4B02EE00113180 /* Kiretan0Tests.swift in Sources */ = {isa = PBXBuildFile; fileRef = 505263931F4B02EE00113180 /* Kiretan0Tests.swift */; };
		505263A11F4B155900113180 /* GoogleService-Info.plist in Resources */ = {isa = PBXBuildFile; fileRef = 505263A01F4B155900113180 /* GoogleService-Info.plist */; };
		505263AB1F4EF7F300113180 /* ActionObserver.swift in Sources */ = {isa = PBXBuildFile; fileRef = 505263A31F4EF7F300113180 /* ActionObserver.swift */; };
		505263AC1F4EF7F300113180 /* DefaultResolver.swift in Sources */ = {isa = PBXBuildFile; fileRef = 505263A41F4EF7F300113180 /* DefaultResolver.swift */; };
		505263AD1F4EF7F300113180 /* DismissalMessage.swift in Sources */ = {isa = PBXBuildFile; fileRef = 505263A61F4EF7F300113180 /* DismissalMessage.swift */; };
		505263AE1F4EF7F300113180 /* DisplayMessage.swift in Sources */ = {isa = PBXBuildFile; fileRef = 505263A71F4EF7F300113180 /* DisplayMessage.swift */; };
		505263B11F4EF7F300113180 /* ViewModel.swift in Sources */ = {isa = PBXBuildFile; fileRef = 505263AA1F4EF7F300113180 /* ViewModel.swift */; };
		505263B41F4EF9C500113180 /* RxCocoa.framework in Frameworks */ = {isa = PBXBuildFile; fileRef = 505263B21F4EF9C500113180 /* RxCocoa.framework */; };
		505263B51F4EF9C500113180 /* RxSwift.framework in Frameworks */ = {isa = PBXBuildFile; fileRef = 505263B31F4EF9C500113180 /* RxSwift.framework */; };
		505263BB1F4F092700113180 /* ViewControllerCreatable.swift in Sources */ = {isa = PBXBuildFile; fileRef = 505263B91F4F092700113180 /* ViewControllerCreatable.swift */; };
		505263C41F4F0F4C00113180 /* MainViewModel.swift in Sources */ = {isa = PBXBuildFile; fileRef = 505263C31F4F0F4C00113180 /* MainViewModel.swift */; };
		505263C71F4F14A300113180 /* Welcome.storyboard in Resources */ = {isa = PBXBuildFile; fileRef = 505263C61F4F14A300113180 /* Welcome.storyboard */; };
		505263C91F4F150900113180 /* WelcomeViewController.swift in Sources */ = {isa = PBXBuildFile; fileRef = 505263C81F4F150900113180 /* WelcomeViewController.swift */; };
		505263CB1F4F153700113180 /* WelcomeViewModel.swift in Sources */ = {isa = PBXBuildFile; fileRef = 505263CA1F4F153700113180 /* WelcomeViewModel.swift */; };
		505263F51F52B84000113180 /* UserAccountRepository.swift in Sources */ = {isa = PBXBuildFile; fileRef = 505263F41F52B84000113180 /* UserAccountRepository.swift */; };
		505263F71F56E05500113180 /* UserAccount.swift in Sources */ = {isa = PBXBuildFile; fileRef = 505263F61F56E05500113180 /* UserAccount.swift */; };
		505263F91F56E74A00113180 /* NullResolver.swift in Sources */ = {isa = PBXBuildFile; fileRef = 505263F81F56E74A00113180 /* NullResolver.swift */; };
		505263FC1F56FBF400113180 /* Root.storyboard in Resources */ = {isa = PBXBuildFile; fileRef = 505263FB1F56FBF400113180 /* Root.storyboard */; };
		505263FE1F56FC1300113180 /* RootViewController.swift in Sources */ = {isa = PBXBuildFile; fileRef = 505263FD1F56FC1300113180 /* RootViewController.swift */; };
		505264001F56FC5B00113180 /* RootViewModel.swift in Sources */ = {isa = PBXBuildFile; fileRef = 505263FF1F56FC5B00113180 /* RootViewModel.swift */; };
		5082DBF11FA2F43A00D17710 /* Images.xcassets in Resources */ = {isa = PBXBuildFile; fileRef = 5082DBF01FA2F43A00D17710 /* Images.xcassets */; };
		5083F6741FA89EA300F5821E /* MainItemCell.swift in Sources */ = {isa = PBXBuildFile; fileRef = 5083F6731FA89EA300F5821E /* MainItemCell.swift */; };
		5083F6781FA89F3500F5821E /* MainItemViewModel.swift in Sources */ = {isa = PBXBuildFile; fileRef = 5083F6771FA89F3500F5821E /* MainItemViewModel.swift */; };
		509720831F7507B900C623A5 /* RootViewModelTests.swift in Sources */ = {isa = PBXBuildFile; fileRef = 509720821F7507B900C623A5 /* RootViewModelTests.swift */; };
		509720841F750CA500C623A5 /* RxCocoa.framework in Frameworks */ = {isa = PBXBuildFile; fileRef = 505263B21F4EF9C500113180 /* RxCocoa.framework */; };
		509720851F750CA800C623A5 /* RxSwift.framework in Frameworks */ = {isa = PBXBuildFile; fileRef = 505263B31F4EF9C500113180 /* RxSwift.framework */; };
		5097208A1F750E7500C623A5 /* MockUserAccountRepository.swift in Sources */ = {isa = PBXBuildFile; fileRef = 509720891F750E7500C623A5 /* MockUserAccountRepository.swift */; };
		5097208C1F750FF900C623A5 /* EventuallyFulfill.swift in Sources */ = {isa = PBXBuildFile; fileRef = 5097208B1F750FF900C623A5 /* EventuallyFulfill.swift */; };
		5097208F1F7516B700C623A5 /* WelcomeViewModelTests.swift in Sources */ = {isa = PBXBuildFile; fileRef = 5097208E1F7516B700C623A5 /* WelcomeViewModelTests.swift */; };
		5097209A1F7726AA00C623A5 /* Team.swift in Sources */ = {isa = PBXBuildFile; fileRef = 509720991F7726AA00C623A5 /* Team.swift */; };
		5097209C1F7736D600C623A5 /* TeamMember.swift in Sources */ = {isa = PBXBuildFile; fileRef = 5097209B1F7736D600C623A5 /* TeamMember.swift */; };
		5097209E1F7737C200C623A5 /* MemberTeam.swift in Sources */ = {isa = PBXBuildFile; fileRef = 5097209D1F7737C200C623A5 /* MemberTeam.swift */; };
		509720A01F77383B00C623A5 /* TeamRepository.swift in Sources */ = {isa = PBXBuildFile; fileRef = 5097209F1F77383B00C623A5 /* TeamRepository.swift */; };
		509720A61F77510B00C623A5 /* Entity.swift in Sources */ = {isa = PBXBuildFile; fileRef = 509720A51F77510B00C623A5 /* Entity.swift */; };
		50AD756C1F8F92ED003917E6 /* MockDataStore.swift in Sources */ = {isa = PBXBuildFile; fileRef = 50AD756B1F8F92ED003917E6 /* MockDataStore.swift */; };
		50AD75711F91827D003917E6 /* MockDataStoreTests.swift in Sources */ = {isa = PBXBuildFile; fileRef = 50AD75701F91827D003917E6 /* MockDataStoreTests.swift */; };
		50B395171F7F486600355F89 /* Item.swift in Sources */ = {isa = PBXBuildFile; fileRef = 50B395161F7F486600355F89 /* Item.swift */; };
		50B395191F7F4F7A00355F89 /* ItemRepository.swift in Sources */ = {isa = PBXBuildFile; fileRef = 50B395181F7F4F7A00355F89 /* ItemRepository.swift */; };
		50B3951B1F8597B300355F89 /* CollectionChange.swift in Sources */ = {isa = PBXBuildFile; fileRef = 50B3951A1F8597B300355F89 /* CollectionChange.swift */; };
		50B3951F1F867B5500355F89 /* DataStore.swift in Sources */ = {isa = PBXBuildFile; fileRef = 50B3951E1F867B5500355F89 /* DataStore.swift */; };
		50BB548A1FA212DF002E4443 /* R.swift in Sources */ = {isa = PBXBuildFile; fileRef = 50BB54891FA212DF002E4443 /* R.swift */; };
		50BB548C1FA21305002E4443 /* R+String.swift in Sources */ = {isa = PBXBuildFile; fileRef = 50BB548B1FA21305002E4443 /* R+String.swift */; };
		50BB548E1FA216D7002E4443 /* Localizable.strings in Resources */ = {isa = PBXBuildFile; fileRef = 50BB548D1FA216D7002E4443 /* Localizable.strings */; };
		50D138081F98CE4D0064B293 /* ItemRepositoryTests.swift in Sources */ = {isa = PBXBuildFile; fileRef = 50D138071F98CE4D0064B293 /* ItemRepositoryTests.swift */; };
		50D1380E1F9B12EE0064B293 /* TeamRepositoryTests.swift in Sources */ = {isa = PBXBuildFile; fileRef = 50D1380D1F9B12EE0064B293 /* TeamRepositoryTests.swift */; };
		50D138101F9B13700064B293 /* TestUtils.swift in Sources */ = {isa = PBXBuildFile; fileRef = 50D1380F1F9B13700064B293 /* TestUtils.swift */; };
		50EDC1151F9238C500E5F4FF /* RecordThenFulfill.swift in Sources */ = {isa = PBXBuildFile; fileRef = 50EDC1141F9238C500E5F4FF /* RecordThenFulfill.swift */; };
		8604AA1E1F90780A00021D99 /* Diffitic.framework in Frameworks */ = {isa = PBXBuildFile; fileRef = 8604AA1D1F90780A00021D99 /* Diffitic.framework */; };
		8673AB4E1FA72EAF00EE72AB /* R+Image.swift in Sources */ = {isa = PBXBuildFile; fileRef = 8673AB4D1FA72EAF00EE72AB /* R+Image.swift */; };
		B8CF05BD73E585ACE10CEEAF /* Pods_Kiretan0Tests.framework in Frameworks */ = {isa = PBXBuildFile; fileRef = 8D5514D7F7DF8D3775DE2A23 /* Pods_Kiretan0Tests.framework */; };
/* End PBXBuildFile section */

/* Begin PBXContainerItemProxy section */
		505263901F4B02EE00113180 /* PBXContainerItemProxy */ = {
			isa = PBXContainerItemProxy;
			containerPortal = 505263731F4B02EE00113180 /* Project object */;
			proxyType = 1;
			remoteGlobalIDString = 5052637A1F4B02EE00113180;
			remoteInfo = Kiretan0;
		};
/* End PBXContainerItemProxy section */

/* Begin PBXFileReference section */
		1E1419A3FC37931B6B74467B /* Pods-Kiretan0Tests.debug.xcconfig */ = {isa = PBXFileReference; includeInIndex = 1; lastKnownFileType = text.xcconfig; name = "Pods-Kiretan0Tests.debug.xcconfig"; path = "Pods/Target Support Files/Pods-Kiretan0Tests/Pods-Kiretan0Tests.debug.xcconfig"; sourceTree = "<group>"; };
		5052637B1F4B02EE00113180 /* Kiretan0.app */ = {isa = PBXFileReference; explicitFileType = wrapper.application; includeInIndex = 0; path = Kiretan0.app; sourceTree = BUILT_PRODUCTS_DIR; };
		5052637E1F4B02EE00113180 /* AppDelegate.swift */ = {isa = PBXFileReference; lastKnownFileType = sourcecode.swift; path = AppDelegate.swift; sourceTree = "<group>"; };
		505263801F4B02EE00113180 /* MainViewController.swift */ = {isa = PBXFileReference; lastKnownFileType = sourcecode.swift; path = MainViewController.swift; sourceTree = "<group>"; };
		505263831F4B02EE00113180 /* Base */ = {isa = PBXFileReference; lastKnownFileType = file.storyboard; name = Base; path = Base.lproj/Main.storyboard; sourceTree = "<group>"; };
		505263851F4B02EE00113180 /* Assets.xcassets */ = {isa = PBXFileReference; lastKnownFileType = folder.assetcatalog; path = Assets.xcassets; sourceTree = "<group>"; };
		505263881F4B02EE00113180 /* Base */ = {isa = PBXFileReference; lastKnownFileType = file.storyboard; name = Base; path = Base.lproj/LaunchScreen.storyboard; sourceTree = "<group>"; };
		5052638A1F4B02EE00113180 /* Info.plist */ = {isa = PBXFileReference; lastKnownFileType = text.plist.xml; path = Info.plist; sourceTree = "<group>"; };
		5052638F1F4B02EE00113180 /* Kiretan0Tests.xctest */ = {isa = PBXFileReference; explicitFileType = wrapper.cfbundle; includeInIndex = 0; path = Kiretan0Tests.xctest; sourceTree = BUILT_PRODUCTS_DIR; };
		505263931F4B02EE00113180 /* Kiretan0Tests.swift */ = {isa = PBXFileReference; lastKnownFileType = sourcecode.swift; path = Kiretan0Tests.swift; sourceTree = "<group>"; };
		505263951F4B02EE00113180 /* Info.plist */ = {isa = PBXFileReference; lastKnownFileType = text.plist.xml; path = Info.plist; sourceTree = "<group>"; };
		505263A01F4B155900113180 /* GoogleService-Info.plist */ = {isa = PBXFileReference; fileEncoding = 4; lastKnownFileType = text.plist.xml; path = "GoogleService-Info.plist"; sourceTree = "<group>"; };
		505263A31F4EF7F300113180 /* ActionObserver.swift */ = {isa = PBXFileReference; fileEncoding = 4; lastKnownFileType = sourcecode.swift; path = ActionObserver.swift; sourceTree = "<group>"; };
		505263A41F4EF7F300113180 /* DefaultResolver.swift */ = {isa = PBXFileReference; fileEncoding = 4; lastKnownFileType = sourcecode.swift; path = DefaultResolver.swift; sourceTree = "<group>"; };
		505263A61F4EF7F300113180 /* DismissalMessage.swift */ = {isa = PBXFileReference; fileEncoding = 4; lastKnownFileType = sourcecode.swift; path = DismissalMessage.swift; sourceTree = "<group>"; };
		505263A71F4EF7F300113180 /* DisplayMessage.swift */ = {isa = PBXFileReference; fileEncoding = 4; lastKnownFileType = sourcecode.swift; path = DisplayMessage.swift; sourceTree = "<group>"; };
		505263AA1F4EF7F300113180 /* ViewModel.swift */ = {isa = PBXFileReference; fileEncoding = 4; lastKnownFileType = sourcecode.swift; path = ViewModel.swift; sourceTree = "<group>"; };
		505263B21F4EF9C500113180 /* RxCocoa.framework */ = {isa = PBXFileReference; lastKnownFileType = wrapper.framework; name = RxCocoa.framework; path = Carthage/Build/iOS/RxCocoa.framework; sourceTree = "<group>"; };
		505263B31F4EF9C500113180 /* RxSwift.framework */ = {isa = PBXFileReference; lastKnownFileType = wrapper.framework; name = RxSwift.framework; path = Carthage/Build/iOS/RxSwift.framework; sourceTree = "<group>"; };
		505263B91F4F092700113180 /* ViewControllerCreatable.swift */ = {isa = PBXFileReference; fileEncoding = 4; lastKnownFileType = sourcecode.swift; path = ViewControllerCreatable.swift; sourceTree = "<group>"; };
		505263C31F4F0F4C00113180 /* MainViewModel.swift */ = {isa = PBXFileReference; fileEncoding = 4; lastKnownFileType = sourcecode.swift; path = MainViewModel.swift; sourceTree = "<group>"; };
		505263C61F4F14A300113180 /* Welcome.storyboard */ = {isa = PBXFileReference; fileEncoding = 4; lastKnownFileType = file.storyboard; path = Welcome.storyboard; sourceTree = "<group>"; };
		505263C81F4F150900113180 /* WelcomeViewController.swift */ = {isa = PBXFileReference; fileEncoding = 4; lastKnownFileType = sourcecode.swift; path = WelcomeViewController.swift; sourceTree = "<group>"; };
		505263CA1F4F153700113180 /* WelcomeViewModel.swift */ = {isa = PBXFileReference; fileEncoding = 4; lastKnownFileType = sourcecode.swift; path = WelcomeViewModel.swift; sourceTree = "<group>"; };
		505263F41F52B84000113180 /* UserAccountRepository.swift */ = {isa = PBXFileReference; fileEncoding = 4; lastKnownFileType = sourcecode.swift; path = UserAccountRepository.swift; sourceTree = "<group>"; };
		505263F61F56E05500113180 /* UserAccount.swift */ = {isa = PBXFileReference; fileEncoding = 4; lastKnownFileType = sourcecode.swift; path = UserAccount.swift; sourceTree = "<group>"; };
		505263F81F56E74A00113180 /* NullResolver.swift */ = {isa = PBXFileReference; fileEncoding = 4; lastKnownFileType = sourcecode.swift; path = NullResolver.swift; sourceTree = "<group>"; };
		505263FB1F56FBF400113180 /* Root.storyboard */ = {isa = PBXFileReference; fileEncoding = 4; lastKnownFileType = file.storyboard; path = Root.storyboard; sourceTree = "<group>"; };
		505263FD1F56FC1300113180 /* RootViewController.swift */ = {isa = PBXFileReference; fileEncoding = 4; lastKnownFileType = sourcecode.swift; path = RootViewController.swift; sourceTree = "<group>"; };
		505263FF1F56FC5B00113180 /* RootViewModel.swift */ = {isa = PBXFileReference; fileEncoding = 4; lastKnownFileType = sourcecode.swift; path = RootViewModel.swift; sourceTree = "<group>"; };
		5082DBF01FA2F43A00D17710 /* Images.xcassets */ = {isa = PBXFileReference; lastKnownFileType = folder.assetcatalog; path = Images.xcassets; sourceTree = "<group>"; };
		5083F6731FA89EA300F5821E /* MainItemCell.swift */ = {isa = PBXFileReference; lastKnownFileType = sourcecode.swift; path = MainItemCell.swift; sourceTree = "<group>"; };
		5083F6771FA89F3500F5821E /* MainItemViewModel.swift */ = {isa = PBXFileReference; lastKnownFileType = sourcecode.swift; path = MainItemViewModel.swift; sourceTree = "<group>"; };
		509720821F7507B900C623A5 /* RootViewModelTests.swift */ = {isa = PBXFileReference; lastKnownFileType = sourcecode.swift; path = RootViewModelTests.swift; sourceTree = "<group>"; };
		509720891F750E7500C623A5 /* MockUserAccountRepository.swift */ = {isa = PBXFileReference; lastKnownFileType = sourcecode.swift; path = MockUserAccountRepository.swift; sourceTree = "<group>"; };
		5097208B1F750FF900C623A5 /* EventuallyFulfill.swift */ = {isa = PBXFileReference; fileEncoding = 4; lastKnownFileType = sourcecode.swift; path = EventuallyFulfill.swift; sourceTree = "<group>"; };
		5097208E1F7516B700C623A5 /* WelcomeViewModelTests.swift */ = {isa = PBXFileReference; lastKnownFileType = sourcecode.swift; path = WelcomeViewModelTests.swift; sourceTree = "<group>"; };
		509720991F7726AA00C623A5 /* Team.swift */ = {isa = PBXFileReference; lastKnownFileType = sourcecode.swift; path = Team.swift; sourceTree = "<group>"; };
		5097209B1F7736D600C623A5 /* TeamMember.swift */ = {isa = PBXFileReference; lastKnownFileType = sourcecode.swift; path = TeamMember.swift; sourceTree = "<group>"; };
		5097209D1F7737C200C623A5 /* MemberTeam.swift */ = {isa = PBXFileReference; lastKnownFileType = sourcecode.swift; path = MemberTeam.swift; sourceTree = "<group>"; };
		5097209F1F77383B00C623A5 /* TeamRepository.swift */ = {isa = PBXFileReference; lastKnownFileType = sourcecode.swift; path = TeamRepository.swift; sourceTree = "<group>"; };
		509720A51F77510B00C623A5 /* Entity.swift */ = {isa = PBXFileReference; lastKnownFileType = sourcecode.swift; path = Entity.swift; sourceTree = "<group>"; };
		50AD756B1F8F92ED003917E6 /* MockDataStore.swift */ = {isa = PBXFileReference; lastKnownFileType = sourcecode.swift; path = MockDataStore.swift; sourceTree = "<group>"; };
		50AD75701F91827D003917E6 /* MockDataStoreTests.swift */ = {isa = PBXFileReference; lastKnownFileType = sourcecode.swift; path = MockDataStoreTests.swift; sourceTree = "<group>"; };
		50B395161F7F486600355F89 /* Item.swift */ = {isa = PBXFileReference; lastKnownFileType = sourcecode.swift; path = Item.swift; sourceTree = "<group>"; };
		50B395181F7F4F7A00355F89 /* ItemRepository.swift */ = {isa = PBXFileReference; lastKnownFileType = sourcecode.swift; path = ItemRepository.swift; sourceTree = "<group>"; };
		50B3951A1F8597B300355F89 /* CollectionChange.swift */ = {isa = PBXFileReference; lastKnownFileType = sourcecode.swift; path = CollectionChange.swift; sourceTree = "<group>"; };
		50B3951E1F867B5500355F89 /* DataStore.swift */ = {isa = PBXFileReference; lastKnownFileType = sourcecode.swift; path = DataStore.swift; sourceTree = "<group>"; };
		50BB54891FA212DF002E4443 /* R.swift */ = {isa = PBXFileReference; lastKnownFileType = sourcecode.swift; path = R.swift; sourceTree = "<group>"; };
		50BB548B1FA21305002E4443 /* R+String.swift */ = {isa = PBXFileReference; lastKnownFileType = sourcecode.swift; path = "R+String.swift"; sourceTree = "<group>"; };
		50BB548D1FA216D7002E4443 /* Localizable.strings */ = {isa = PBXFileReference; lastKnownFileType = text.plist.strings; path = Localizable.strings; sourceTree = "<group>"; };
		50D138071F98CE4D0064B293 /* ItemRepositoryTests.swift */ = {isa = PBXFileReference; lastKnownFileType = sourcecode.swift; path = ItemRepositoryTests.swift; sourceTree = "<group>"; };
		50D1380D1F9B12EE0064B293 /* TeamRepositoryTests.swift */ = {isa = PBXFileReference; lastKnownFileType = sourcecode.swift; path = TeamRepositoryTests.swift; sourceTree = "<group>"; };
		50D1380F1F9B13700064B293 /* TestUtils.swift */ = {isa = PBXFileReference; lastKnownFileType = sourcecode.swift; path = TestUtils.swift; sourceTree = "<group>"; };
		50EDC1141F9238C500E5F4FF /* RecordThenFulfill.swift */ = {isa = PBXFileReference; lastKnownFileType = sourcecode.swift; path = RecordThenFulfill.swift; sourceTree = "<group>"; };
		814DE02FC637B398D9A08055 /* Pods-Kiretan0Tests.release.xcconfig */ = {isa = PBXFileReference; includeInIndex = 1; lastKnownFileType = text.xcconfig; name = "Pods-Kiretan0Tests.release.xcconfig"; path = "Pods/Target Support Files/Pods-Kiretan0Tests/Pods-Kiretan0Tests.release.xcconfig"; sourceTree = "<group>"; };
		8604AA1D1F90780A00021D99 /* Diffitic.framework */ = {isa = PBXFileReference; lastKnownFileType = wrapper.framework; name = Diffitic.framework; path = Carthage/Build/iOS/Diffitic.framework; sourceTree = "<group>"; };
		8673AB4D1FA72EAF00EE72AB /* R+Image.swift */ = {isa = PBXFileReference; lastKnownFileType = sourcecode.swift; path = "R+Image.swift"; sourceTree = "<group>"; };
		8D5514D7F7DF8D3775DE2A23 /* Pods_Kiretan0Tests.framework */ = {isa = PBXFileReference; explicitFileType = wrapper.framework; includeInIndex = 0; path = Pods_Kiretan0Tests.framework; sourceTree = BUILT_PRODUCTS_DIR; };
		9CF2917EE1153BEF1E256A5E /* Pods-Kiretan0.debug.xcconfig */ = {isa = PBXFileReference; includeInIndex = 1; lastKnownFileType = text.xcconfig; name = "Pods-Kiretan0.debug.xcconfig"; path = "Pods/Target Support Files/Pods-Kiretan0/Pods-Kiretan0.debug.xcconfig"; sourceTree = "<group>"; };
		AC175F8B0AC660C9AE7F3431 /* Pods-Kiretan0.release.xcconfig */ = {isa = PBXFileReference; includeInIndex = 1; lastKnownFileType = text.xcconfig; name = "Pods-Kiretan0.release.xcconfig"; path = "Pods/Target Support Files/Pods-Kiretan0/Pods-Kiretan0.release.xcconfig"; sourceTree = "<group>"; };
		E05A20B411B107A41B7B407C /* Pods_Kiretan0.framework */ = {isa = PBXFileReference; explicitFileType = wrapper.framework; includeInIndex = 0; path = Pods_Kiretan0.framework; sourceTree = BUILT_PRODUCTS_DIR; };
/* End PBXFileReference section */

/* Begin PBXFrameworksBuildPhase section */
		505263781F4B02EE00113180 /* Frameworks */ = {
			isa = PBXFrameworksBuildPhase;
			buildActionMask = 2147483647;
			files = (
				0B2809580F0B4D4980A46FA1 /* Pods_Kiretan0.framework in Frameworks */,
				505263B41F4EF9C500113180 /* RxCocoa.framework in Frameworks */,
				505263B51F4EF9C500113180 /* RxSwift.framework in Frameworks */,
			);
			runOnlyForDeploymentPostprocessing = 0;
		};
		5052638C1F4B02EE00113180 /* Frameworks */ = {
			isa = PBXFrameworksBuildPhase;
			buildActionMask = 2147483647;
			files = (
				B8CF05BD73E585ACE10CEEAF /* Pods_Kiretan0Tests.framework in Frameworks */,
				509720841F750CA500C623A5 /* RxCocoa.framework in Frameworks */,
				509720851F750CA800C623A5 /* RxSwift.framework in Frameworks */,
				8604AA1E1F90780A00021D99 /* Diffitic.framework in Frameworks */,
			);
			runOnlyForDeploymentPostprocessing = 0;
		};
/* End PBXFrameworksBuildPhase section */

/* Begin PBXGroup section */
		143E85C355B9ADC239F26090 /* Frameworks */ = {
			isa = PBXGroup;
			children = (
				8604AA1D1F90780A00021D99 /* Diffitic.framework */,
				505263B21F4EF9C500113180 /* RxCocoa.framework */,
				505263B31F4EF9C500113180 /* RxSwift.framework */,
				E05A20B411B107A41B7B407C /* Pods_Kiretan0.framework */,
				8D5514D7F7DF8D3775DE2A23 /* Pods_Kiretan0Tests.framework */,
			);
			name = Frameworks;
			sourceTree = "<group>";
		};
		505263721F4B02EE00113180 = {
			isa = PBXGroup;
			children = (
				5052637D1F4B02EE00113180 /* Kiretan0 */,
				505263921F4B02EE00113180 /* Kiretan0Tests */,
				5052637C1F4B02EE00113180 /* Products */,
				7FE24AFD56E00FB772473CAE /* Pods */,
				143E85C355B9ADC239F26090 /* Frameworks */,
			);
			sourceTree = "<group>";
		};
		5052637C1F4B02EE00113180 /* Products */ = {
			isa = PBXGroup;
			children = (
				5052637B1F4B02EE00113180 /* Kiretan0.app */,
				5052638F1F4B02EE00113180 /* Kiretan0Tests.xctest */,
			);
			name = Products;
			sourceTree = "<group>";
		};
		5052637D1F4B02EE00113180 /* Kiretan0 */ = {
			isa = PBXGroup;
			children = (
				505263C11F4F0DAB00113180 /* View */,
				505263F21F52B7FE00113180 /* Model */,
				50BB54881FA21290002E4443 /* Resource */,
				505263A21F4EF7F300113180 /* AppFramework */,
				5052637E1F4B02EE00113180 /* AppDelegate.swift */,
				505263A41F4EF7F300113180 /* DefaultResolver.swift */,
				505263851F4B02EE00113180 /* Assets.xcassets */,
				505263871F4B02EE00113180 /* LaunchScreen.storyboard */,
				5052638A1F4B02EE00113180 /* Info.plist */,
				505263A01F4B155900113180 /* GoogleService-Info.plist */,
			);
			path = Kiretan0;
			sourceTree = "<group>";
		};
		505263921F4B02EE00113180 /* Kiretan0Tests */ = {
			isa = PBXGroup;
			children = (
				509720861F750E3B00C623A5 /* Mock */,
				50D138091F98CE640064B293 /* Model */,
				505263951F4B02EE00113180 /* Info.plist */,
				505263931F4B02EE00113180 /* Kiretan0Tests.swift */,
				5097208B1F750FF900C623A5 /* EventuallyFulfill.swift */,
				50EDC1141F9238C500E5F4FF /* RecordThenFulfill.swift */,
				50D1380F1F9B13700064B293 /* TestUtils.swift */,
				509720801F75077200C623A5 /* View */,
			);
			path = Kiretan0Tests;
			sourceTree = "<group>";
		};
		505263A21F4EF7F300113180 /* AppFramework */ = {
			isa = PBXGroup;
			children = (
				505263A31F4EF7F300113180 /* ActionObserver.swift */,
				505263A61F4EF7F300113180 /* DismissalMessage.swift */,
				505263A71F4EF7F300113180 /* DisplayMessage.swift */,
				505263F81F56E74A00113180 /* NullResolver.swift */,
				505263B91F4F092700113180 /* ViewControllerCreatable.swift */,
				505263AA1F4EF7F300113180 /* ViewModel.swift */,
			);
			path = AppFramework;
			sourceTree = "<group>";
		};
		505263C11F4F0DAB00113180 /* View */ = {
			isa = PBXGroup;
			children = (
				505263FA1F56FBE400113180 /* Root */,
				505263C21F4F0DAB00113180 /* Main */,
				505263C51F4F148400113180 /* Welcome */,
			);
			path = View;
			sourceTree = "<group>";
		};
		505263C21F4F0DAB00113180 /* Main */ = {
			isa = PBXGroup;
			children = (
				505263821F4B02EE00113180 /* Main.storyboard */,
				505263801F4B02EE00113180 /* MainViewController.swift */,
				505263C31F4F0F4C00113180 /* MainViewModel.swift */,
				5083F6731FA89EA300F5821E /* MainItemCell.swift */,
				5083F6771FA89F3500F5821E /* MainItemViewModel.swift */,
			);
			path = Main;
			sourceTree = "<group>";
		};
		505263C51F4F148400113180 /* Welcome */ = {
			isa = PBXGroup;
			children = (
				505263C61F4F14A300113180 /* Welcome.storyboard */,
				505263C81F4F150900113180 /* WelcomeViewController.swift */,
				505263CA1F4F153700113180 /* WelcomeViewModel.swift */,
			);
			path = Welcome;
			sourceTree = "<group>";
		};
		505263F21F52B7FE00113180 /* Model */ = {
			isa = PBXGroup;
			children = (
				50B395151F7F483D00355F89 /* Item */,
				509720901F77236300C623A5 /* Team */,
				505263F31F52B81000113180 /* UserAccount */,
				50B3951C1F867AFD00355F89 /* Utility */,
			);
			path = Model;
			sourceTree = "<group>";
		};
		505263F31F52B81000113180 /* UserAccount */ = {
			isa = PBXGroup;
			children = (
				505263F61F56E05500113180 /* UserAccount.swift */,
				505263F41F52B84000113180 /* UserAccountRepository.swift */,
			);
			path = UserAccount;
			sourceTree = "<group>";
		};
		505263FA1F56FBE400113180 /* Root */ = {
			isa = PBXGroup;
			children = (
				505263FB1F56FBF400113180 /* Root.storyboard */,
				505263FD1F56FC1300113180 /* RootViewController.swift */,
				505263FF1F56FC5B00113180 /* RootViewModel.swift */,
			);
			path = Root;
			sourceTree = "<group>";
		};
		509720801F75077200C623A5 /* View */ = {
			isa = PBXGroup;
			children = (
				509720811F75077B00C623A5 /* Root */,
				5097208D1F75169200C623A5 /* Welcome */,
			);
			path = View;
			sourceTree = "<group>";
		};
		509720811F75077B00C623A5 /* Root */ = {
			isa = PBXGroup;
			children = (
				509720821F7507B900C623A5 /* RootViewModelTests.swift */,
			);
			path = Root;
			sourceTree = "<group>";
		};
		509720861F750E3B00C623A5 /* Mock */ = {
			isa = PBXGroup;
			children = (
				509720871F750E6400C623A5 /* Model */,
			);
			path = Mock;
			sourceTree = "<group>";
		};
		509720871F750E6400C623A5 /* Model */ = {
			isa = PBXGroup;
			children = (
				509720881F750E6900C623A5 /* UserAccount */,
				50AD756B1F8F92ED003917E6 /* MockDataStore.swift */,
				50AD75701F91827D003917E6 /* MockDataStoreTests.swift */,
			);
			path = Model;
			sourceTree = "<group>";
		};
		509720881F750E6900C623A5 /* UserAccount */ = {
			isa = PBXGroup;
			children = (
				509720891F750E7500C623A5 /* MockUserAccountRepository.swift */,
			);
			path = UserAccount;
			sourceTree = "<group>";
		};
		5097208D1F75169200C623A5 /* Welcome */ = {
			isa = PBXGroup;
			children = (
				5097208E1F7516B700C623A5 /* WelcomeViewModelTests.swift */,
			);
			path = Welcome;
			sourceTree = "<group>";
		};
		509720901F77236300C623A5 /* Team */ = {
			isa = PBXGroup;
			children = (
				5097209D1F7737C200C623A5 /* MemberTeam.swift */,
				509720991F7726AA00C623A5 /* Team.swift */,
				5097209B1F7736D600C623A5 /* TeamMember.swift */,
				5097209F1F77383B00C623A5 /* TeamRepository.swift */,
			);
			path = Team;
			sourceTree = "<group>";
		};
		50B395151F7F483D00355F89 /* Item */ = {
			isa = PBXGroup;
			children = (
				50B395161F7F486600355F89 /* Item.swift */,
				50B395181F7F4F7A00355F89 /* ItemRepository.swift */,
			);
			path = Item;
			sourceTree = "<group>";
		};
		50B3951C1F867AFD00355F89 /* Utility */ = {
			isa = PBXGroup;
			children = (
				50B3951A1F8597B300355F89 /* CollectionChange.swift */,
				509720A51F77510B00C623A5 /* Entity.swift */,
				50B3951E1F867B5500355F89 /* DataStore.swift */,
			);
			path = Utility;
			sourceTree = "<group>";
		};
		50BB54881FA21290002E4443 /* Resource */ = {
			isa = PBXGroup;
			children = (
				8673AB4C1FA72E9D00EE72AB /* Image */,
				8673AB4B1FA72E9200EE72AB /* String */,
				50BB54891FA212DF002E4443 /* R.swift */,
			);
			path = Resource;
			sourceTree = "<group>";
		};
		50D138091F98CE640064B293 /* Model */ = {
			isa = PBXGroup;
			children = (
				50D1380A1F98CE6C0064B293 /* Model */,
			);
			path = Model;
			sourceTree = "<group>";
		};
		50D1380A1F98CE6C0064B293 /* Model */ = {
			isa = PBXGroup;
			children = (
				50D1380B1F98CE730064B293 /* Item */,
				50D1380C1F9B11650064B293 /* Team */,
			);
			path = Model;
			sourceTree = "<group>";
		};
		50D1380B1F98CE730064B293 /* Item */ = {
			isa = PBXGroup;
			children = (
				50D138071F98CE4D0064B293 /* ItemRepositoryTests.swift */,
			);
			path = Item;
			sourceTree = "<group>";
		};
		50D1380C1F9B11650064B293 /* Team */ = {
			isa = PBXGroup;
			children = (
				50D1380D1F9B12EE0064B293 /* TeamRepositoryTests.swift */,
			);
			path = Team;
			sourceTree = "<group>";
		};
		7FE24AFD56E00FB772473CAE /* Pods */ = {
			isa = PBXGroup;
			children = (
				9CF2917EE1153BEF1E256A5E /* Pods-Kiretan0.debug.xcconfig */,
				AC175F8B0AC660C9AE7F3431 /* Pods-Kiretan0.release.xcconfig */,
				1E1419A3FC37931B6B74467B /* Pods-Kiretan0Tests.debug.xcconfig */,
				814DE02FC637B398D9A08055 /* Pods-Kiretan0Tests.release.xcconfig */,
			);
			name = Pods;
			sourceTree = "<group>";
		};
		8673AB4B1FA72E9200EE72AB /* String */ = {
			isa = PBXGroup;
			children = (
				50BB548B1FA21305002E4443 /* R+String.swift */,
				50BB548D1FA216D7002E4443 /* Localizable.strings */,
			);
			path = String;
			sourceTree = "<group>";
		};
		8673AB4C1FA72E9D00EE72AB /* Image */ = {
			isa = PBXGroup;
			children = (
				8673AB4D1FA72EAF00EE72AB /* R+Image.swift */,
				5082DBF01FA2F43A00D17710 /* Images.xcassets */,
			);
			path = Image;
			sourceTree = "<group>";
		};
/* End PBXGroup section */

/* Begin PBXNativeTarget section */
		5052637A1F4B02EE00113180 /* Kiretan0 */ = {
			isa = PBXNativeTarget;
			buildConfigurationList = 505263981F4B02EE00113180 /* Build configuration list for PBXNativeTarget "Kiretan0" */;
			buildPhases = (
				3502BBE380E0B88FCC127CAD /* [CP] Check Pods Manifest.lock */,
				505263771F4B02EE00113180 /* Sources */,
				505263781F4B02EE00113180 /* Frameworks */,
				505263791F4B02EE00113180 /* Resources */,
				A6DC842026B7F6AA26A120F8 /* [CP] Embed Pods Frameworks */,
				CFAB0C8F44CC3923D5213B75 /* [CP] Copy Pods Resources */,
				505263B61F4EF9E600113180 /* [Carthage] Copy Frameworks */,
			);
			buildRules = (
			);
			dependencies = (
			);
			name = Kiretan0;
			productName = Kiretan0;
			productReference = 5052637B1F4B02EE00113180 /* Kiretan0.app */;
			productType = "com.apple.product-type.application";
		};
		5052638E1F4B02EE00113180 /* Kiretan0Tests */ = {
			isa = PBXNativeTarget;
			buildConfigurationList = 5052639B1F4B02EE00113180 /* Build configuration list for PBXNativeTarget "Kiretan0Tests" */;
			buildPhases = (
				30465BCD25BEFDC252516689 /* [CP] Check Pods Manifest.lock */,
				5052638B1F4B02EE00113180 /* Sources */,
				5052638C1F4B02EE00113180 /* Frameworks */,
				5052638D1F4B02EE00113180 /* Resources */,
				B89D978D8ABE2A6742DFBC1E /* [CP] Embed Pods Frameworks */,
				873CF4456A4F6A5680B13742 /* [CP] Copy Pods Resources */,
				50AD756F1F910C72003917E6 /* [Carthage] Copy Frameworks */,
			);
			buildRules = (
			);
			dependencies = (
				505263911F4B02EE00113180 /* PBXTargetDependency */,
			);
			name = Kiretan0Tests;
			productName = Kiretan0Tests;
			productReference = 5052638F1F4B02EE00113180 /* Kiretan0Tests.xctest */;
			productType = "com.apple.product-type.bundle.unit-test";
		};
/* End PBXNativeTarget section */

/* Begin PBXProject section */
		505263731F4B02EE00113180 /* Project object */ = {
			isa = PBXProject;
			attributes = {
				LastSwiftUpdateCheck = 0830;
				LastUpgradeCheck = 0900;
				ORGANIZATIONNAME = Hironytic;
				TargetAttributes = {
					5052637A1F4B02EE00113180 = {
						CreatedOnToolsVersion = 8.3.3;
						DevelopmentTeam = EPZSBGGQZS;
						LastSwiftMigration = 0900;
						ProvisioningStyle = Automatic;
					};
					5052638E1F4B02EE00113180 = {
						CreatedOnToolsVersion = 8.3.3;
						DevelopmentTeam = EPZSBGGQZS;
						LastSwiftMigration = 0900;
						ProvisioningStyle = Automatic;
						TestTargetID = 5052637A1F4B02EE00113180;
					};
				};
			};
			buildConfigurationList = 505263761F4B02EE00113180 /* Build configuration list for PBXProject "Kiretan0" */;
			compatibilityVersion = "Xcode 3.2";
			developmentRegion = English;
			hasScannedForEncodings = 0;
			knownRegions = (
				en,
				Base,
			);
			mainGroup = 505263721F4B02EE00113180;
			productRefGroup = 5052637C1F4B02EE00113180 /* Products */;
			projectDirPath = "";
			projectRoot = "";
			targets = (
				5052637A1F4B02EE00113180 /* Kiretan0 */,
				5052638E1F4B02EE00113180 /* Kiretan0Tests */,
			);
		};
/* End PBXProject section */

/* Begin PBXResourcesBuildPhase section */
		505263791F4B02EE00113180 /* Resources */ = {
			isa = PBXResourcesBuildPhase;
			buildActionMask = 2147483647;
			files = (
				505263FC1F56FBF400113180 /* Root.storyboard in Resources */,
				505263C71F4F14A300113180 /* Welcome.storyboard in Resources */,
				505263891F4B02EE00113180 /* LaunchScreen.storyboard in Resources */,
				50BB548E1FA216D7002E4443 /* Localizable.strings in Resources */,
				505263A11F4B155900113180 /* GoogleService-Info.plist in Resources */,
				505263861F4B02EE00113180 /* Assets.xcassets in Resources */,
				5082DBF11FA2F43A00D17710 /* Images.xcassets in Resources */,
				505263841F4B02EE00113180 /* Main.storyboard in Resources */,
			);
			runOnlyForDeploymentPostprocessing = 0;
		};
		5052638D1F4B02EE00113180 /* Resources */ = {
			isa = PBXResourcesBuildPhase;
			buildActionMask = 2147483647;
			files = (
			);
			runOnlyForDeploymentPostprocessing = 0;
		};
/* End PBXResourcesBuildPhase section */

/* Begin PBXShellScriptBuildPhase section */
		30465BCD25BEFDC252516689 /* [CP] Check Pods Manifest.lock */ = {
			isa = PBXShellScriptBuildPhase;
			buildActionMask = 2147483647;
			files = (
			);
			inputPaths = (
				"${PODS_PODFILE_DIR_PATH}/Podfile.lock",
				"${PODS_ROOT}/Manifest.lock",
			);
			name = "[CP] Check Pods Manifest.lock";
			outputPaths = (
				"$(DERIVED_FILE_DIR)/Pods-Kiretan0Tests-checkManifestLockResult.txt",
			);
			runOnlyForDeploymentPostprocessing = 0;
			shellPath = /bin/sh;
			shellScript = "diff \"${PODS_PODFILE_DIR_PATH}/Podfile.lock\" \"${PODS_ROOT}/Manifest.lock\" > /dev/null\nif [ $? != 0 ] ; then\n    # print error to STDERR\n    echo \"error: The sandbox is not in sync with the Podfile.lock. Run 'pod install' or update your CocoaPods installation.\" >&2\n    exit 1\nfi\n# This output is used by Xcode 'outputs' to avoid re-running this script phase.\necho \"SUCCESS\" > \"${SCRIPT_OUTPUT_FILE_0}\"\n";
			showEnvVarsInLog = 0;
		};
		3502BBE380E0B88FCC127CAD /* [CP] Check Pods Manifest.lock */ = {
			isa = PBXShellScriptBuildPhase;
			buildActionMask = 2147483647;
			files = (
			);
			inputPaths = (
				"${PODS_PODFILE_DIR_PATH}/Podfile.lock",
				"${PODS_ROOT}/Manifest.lock",
			);
			name = "[CP] Check Pods Manifest.lock";
			outputPaths = (
				"$(DERIVED_FILE_DIR)/Pods-Kiretan0-checkManifestLockResult.txt",
			);
			runOnlyForDeploymentPostprocessing = 0;
			shellPath = /bin/sh;
			shellScript = "diff \"${PODS_PODFILE_DIR_PATH}/Podfile.lock\" \"${PODS_ROOT}/Manifest.lock\" > /dev/null\nif [ $? != 0 ] ; then\n    # print error to STDERR\n    echo \"error: The sandbox is not in sync with the Podfile.lock. Run 'pod install' or update your CocoaPods installation.\" >&2\n    exit 1\nfi\n# This output is used by Xcode 'outputs' to avoid re-running this script phase.\necho \"SUCCESS\" > \"${SCRIPT_OUTPUT_FILE_0}\"\n";
			showEnvVarsInLog = 0;
		};
		505263B61F4EF9E600113180 /* [Carthage] Copy Frameworks */ = {
			isa = PBXShellScriptBuildPhase;
			buildActionMask = 2147483647;
			files = (
			);
			inputPaths = (
				"$(SRCROOT)/Carthage/Build/iOS/RxCocoa.framework",
				"$(SRCROOT)/Carthage/Build/iOS/RxSwift.framework",
			);
			name = "[Carthage] Copy Frameworks";
			outputPaths = (
				"$(BUILT_PRODUCTS_DIR)/$(FRAMEWORKS_FOLDER_PATH)/RxCocoa.framework",
				"$(BUILT_PRODUCTS_DIR)/$(FRAMEWORKS_FOLDER_PATH)/RxSwift.framework",
			);
			runOnlyForDeploymentPostprocessing = 0;
			shellPath = /bin/sh;
			shellScript = "/usr/local/bin/carthage copy-frameworks";
		};
		50AD756F1F910C72003917E6 /* [Carthage] Copy Frameworks */ = {
			isa = PBXShellScriptBuildPhase;
			buildActionMask = 2147483647;
			files = (
			);
			inputPaths = (
				"$(SRCROOT)/Carthage/Build/iOS/Diffitic.framework",
			);
			name = "[Carthage] Copy Frameworks";
			outputPaths = (
				"$(BUILT_PRODUCTS_DIR)/$(FRAMEWORKS_FOLDER_PATH)/Diffitic.framework",
			);
			runOnlyForDeploymentPostprocessing = 0;
			shellPath = /bin/sh;
			shellScript = "/usr/local/bin/carthage copy-frameworks";
		};
		873CF4456A4F6A5680B13742 /* [CP] Copy Pods Resources */ = {
			isa = PBXShellScriptBuildPhase;
			buildActionMask = 2147483647;
			files = (
			);
			inputPaths = (
			);
			name = "[CP] Copy Pods Resources";
			outputPaths = (
			);
			runOnlyForDeploymentPostprocessing = 0;
			shellPath = /bin/sh;
			shellScript = "\"${SRCROOT}/Pods/Target Support Files/Pods-Kiretan0Tests/Pods-Kiretan0Tests-resources.sh\"\n";
			showEnvVarsInLog = 0;
		};
		A6DC842026B7F6AA26A120F8 /* [CP] Embed Pods Frameworks */ = {
			isa = PBXShellScriptBuildPhase;
			buildActionMask = 2147483647;
			files = (
			);
			inputPaths = (
				"${SRCROOT}/Pods/Target Support Files/Pods-Kiretan0/Pods-Kiretan0-frameworks.sh",
				"${BUILT_PRODUCTS_DIR}/BoringSSL/openssl.framework",
				"${BUILT_PRODUCTS_DIR}/GTMSessionFetcher/GTMSessionFetcher.framework",
				"${BUILT_PRODUCTS_DIR}/GoogleToolboxForMac/GoogleToolboxForMac.framework",
				"${BUILT_PRODUCTS_DIR}/Protobuf/Protobuf.framework",
				"${BUILT_PRODUCTS_DIR}/gRPC/GRPCClient.framework",
				"${BUILT_PRODUCTS_DIR}/gRPC-Core/grpc.framework",
				"${BUILT_PRODUCTS_DIR}/gRPC-ProtoRPC/ProtoRPC.framework",
				"${BUILT_PRODUCTS_DIR}/gRPC-RxLibrary/RxLibrary.framework",
				"${BUILT_PRODUCTS_DIR}/leveldb-library/leveldb.framework",
				"${BUILT_PRODUCTS_DIR}/nanopb/nanopb.framework",
			);
			name = "[CP] Embed Pods Frameworks";
			outputPaths = (
				"${TARGET_BUILD_DIR}/${FRAMEWORKS_FOLDER_PATH}/openssl.framework",
				"${TARGET_BUILD_DIR}/${FRAMEWORKS_FOLDER_PATH}/GTMSessionFetcher.framework",
				"${TARGET_BUILD_DIR}/${FRAMEWORKS_FOLDER_PATH}/GoogleToolboxForMac.framework",
				"${TARGET_BUILD_DIR}/${FRAMEWORKS_FOLDER_PATH}/Protobuf.framework",
				"${TARGET_BUILD_DIR}/${FRAMEWORKS_FOLDER_PATH}/GRPCClient.framework",
				"${TARGET_BUILD_DIR}/${FRAMEWORKS_FOLDER_PATH}/grpc.framework",
				"${TARGET_BUILD_DIR}/${FRAMEWORKS_FOLDER_PATH}/ProtoRPC.framework",
				"${TARGET_BUILD_DIR}/${FRAMEWORKS_FOLDER_PATH}/RxLibrary.framework",
				"${TARGET_BUILD_DIR}/${FRAMEWORKS_FOLDER_PATH}/leveldb.framework",
				"${TARGET_BUILD_DIR}/${FRAMEWORKS_FOLDER_PATH}/nanopb.framework",
			);
			runOnlyForDeploymentPostprocessing = 0;
			shellPath = /bin/sh;
			shellScript = "\"${SRCROOT}/Pods/Target Support Files/Pods-Kiretan0/Pods-Kiretan0-frameworks.sh\"\n";
			showEnvVarsInLog = 0;
		};
		B89D978D8ABE2A6742DFBC1E /* [CP] Embed Pods Frameworks */ = {
			isa = PBXShellScriptBuildPhase;
			buildActionMask = 2147483647;
			files = (
			);
			inputPaths = (
			);
			name = "[CP] Embed Pods Frameworks";
			outputPaths = (
			);
			runOnlyForDeploymentPostprocessing = 0;
			shellPath = /bin/sh;
			shellScript = "\"${SRCROOT}/Pods/Target Support Files/Pods-Kiretan0Tests/Pods-Kiretan0Tests-frameworks.sh\"\n";
			showEnvVarsInLog = 0;
		};
		CFAB0C8F44CC3923D5213B75 /* [CP] Copy Pods Resources */ = {
			isa = PBXShellScriptBuildPhase;
			buildActionMask = 2147483647;
			files = (
			);
			inputPaths = (
			);
			name = "[CP] Copy Pods Resources";
			outputPaths = (
			);
			runOnlyForDeploymentPostprocessing = 0;
			shellPath = /bin/sh;
			shellScript = "\"${SRCROOT}/Pods/Target Support Files/Pods-Kiretan0/Pods-Kiretan0-resources.sh\"\n";
			showEnvVarsInLog = 0;
		};
/* End PBXShellScriptBuildPhase section */

/* Begin PBXSourcesBuildPhase section */
		505263771F4B02EE00113180 /* Sources */ = {
			isa = PBXSourcesBuildPhase;
			buildActionMask = 2147483647;
			files = (
				8673AB4E1FA72EAF00EE72AB /* R+Image.swift in Sources */,
				505263BB1F4F092700113180 /* ViewControllerCreatable.swift in Sources */,
				505263AD1F4EF7F300113180 /* DismissalMessage.swift in Sources */,
				505263FE1F56FC1300113180 /* RootViewController.swift in Sources */,
				505263B11F4EF7F300113180 /* ViewModel.swift in Sources */,
				509720A61F77510B00C623A5 /* Entity.swift in Sources */,
				505264001F56FC5B00113180 /* RootViewModel.swift in Sources */,
				505263CB1F4F153700113180 /* WelcomeViewModel.swift in Sources */,
				505263AC1F4EF7F300113180 /* DefaultResolver.swift in Sources */,
				505263F71F56E05500113180 /* UserAccount.swift in Sources */,
				5097209E1F7737C200C623A5 /* MemberTeam.swift in Sources */,
				5097209A1F7726AA00C623A5 /* Team.swift in Sources */,
				50B3951B1F8597B300355F89 /* CollectionChange.swift in Sources */,
				509720A01F77383B00C623A5 /* TeamRepository.swift in Sources */,
				50B395191F7F4F7A00355F89 /* ItemRepository.swift in Sources */,
				505263C41F4F0F4C00113180 /* MainViewModel.swift in Sources */,
				505263F51F52B84000113180 /* UserAccountRepository.swift in Sources */,
				5097209C1F7736D600C623A5 /* TeamMember.swift in Sources */,
				5083F6781FA89F3500F5821E /* MainItemViewModel.swift in Sources */,
				505263AE1F4EF7F300113180 /* DisplayMessage.swift in Sources */,
				505263F91F56E74A00113180 /* NullResolver.swift in Sources */,
				50BB548C1FA21305002E4443 /* R+String.swift in Sources */,
				505263C91F4F150900113180 /* WelcomeViewController.swift in Sources */,
				50B3951F1F867B5500355F89 /* DataStore.swift in Sources */,
				505263811F4B02EE00113180 /* MainViewController.swift in Sources */,
				50B395171F7F486600355F89 /* Item.swift in Sources */,
				5052637F1F4B02EE00113180 /* AppDelegate.swift in Sources */,
				50BB548A1FA212DF002E4443 /* R.swift in Sources */,
				5083F6741FA89EA300F5821E /* MainItemCell.swift in Sources */,
				505263AB1F4EF7F300113180 /* ActionObserver.swift in Sources */,
			);
			runOnlyForDeploymentPostprocessing = 0;
		};
		5052638B1F4B02EE00113180 /* Sources */ = {
			isa = PBXSourcesBuildPhase;
			buildActionMask = 2147483647;
			files = (
				509720831F7507B900C623A5 /* RootViewModelTests.swift in Sources */,
				50AD756C1F8F92ED003917E6 /* MockDataStore.swift in Sources */,
				50D138101F9B13700064B293 /* TestUtils.swift in Sources */,
				50D138081F98CE4D0064B293 /* ItemRepositoryTests.swift in Sources */,
				50EDC1151F9238C500E5F4FF /* RecordThenFulfill.swift in Sources */,
				505263941F4B02EE00113180 /* Kiretan0Tests.swift in Sources */,
				50AD75711F91827D003917E6 /* MockDataStoreTests.swift in Sources */,
				5097208C1F750FF900C623A5 /* EventuallyFulfill.swift in Sources */,
				5097208A1F750E7500C623A5 /* MockUserAccountRepository.swift in Sources */,
				50D1380E1F9B12EE0064B293 /* TeamRepositoryTests.swift in Sources */,
				5097208F1F7516B700C623A5 /* WelcomeViewModelTests.swift in Sources */,
			);
			runOnlyForDeploymentPostprocessing = 0;
		};
/* End PBXSourcesBuildPhase section */

/* Begin PBXTargetDependency section */
		505263911F4B02EE00113180 /* PBXTargetDependency */ = {
			isa = PBXTargetDependency;
			target = 5052637A1F4B02EE00113180 /* Kiretan0 */;
			targetProxy = 505263901F4B02EE00113180 /* PBXContainerItemProxy */;
		};
/* End PBXTargetDependency section */

/* Begin PBXVariantGroup section */
		505263821F4B02EE00113180 /* Main.storyboard */ = {
			isa = PBXVariantGroup;
			children = (
				505263831F4B02EE00113180 /* Base */,
			);
			name = Main.storyboard;
			sourceTree = "<group>";
		};
		505263871F4B02EE00113180 /* LaunchScreen.storyboard */ = {
			isa = PBXVariantGroup;
			children = (
				505263881F4B02EE00113180 /* Base */,
			);
			name = LaunchScreen.storyboard;
			sourceTree = "<group>";
		};
/* End PBXVariantGroup section */

/* Begin XCBuildConfiguration section */
		505263961F4B02EE00113180 /* Debug */ = {
			isa = XCBuildConfiguration;
			buildSettings = {
				ALWAYS_SEARCH_USER_PATHS = NO;
				CLANG_ANALYZER_NONNULL = YES;
				CLANG_ANALYZER_NUMBER_OBJECT_CONVERSION = YES_AGGRESSIVE;
				CLANG_CXX_LANGUAGE_STANDARD = "gnu++0x";
				CLANG_CXX_LIBRARY = "libc++";
				CLANG_ENABLE_MODULES = YES;
				CLANG_ENABLE_OBJC_ARC = YES;
				CLANG_WARN_BLOCK_CAPTURE_AUTORELEASING = YES;
				CLANG_WARN_BOOL_CONVERSION = YES;
				CLANG_WARN_COMMA = YES;
				CLANG_WARN_CONSTANT_CONVERSION = YES;
				CLANG_WARN_DIRECT_OBJC_ISA_USAGE = YES_ERROR;
				CLANG_WARN_DOCUMENTATION_COMMENTS = YES;
				CLANG_WARN_EMPTY_BODY = YES;
				CLANG_WARN_ENUM_CONVERSION = YES;
				CLANG_WARN_INFINITE_RECURSION = YES;
				CLANG_WARN_INT_CONVERSION = YES;
				CLANG_WARN_NON_LITERAL_NULL_CONVERSION = YES;
				CLANG_WARN_OBJC_LITERAL_CONVERSION = YES;
				CLANG_WARN_OBJC_ROOT_CLASS = YES_ERROR;
				CLANG_WARN_RANGE_LOOP_ANALYSIS = YES;
				CLANG_WARN_STRICT_PROTOTYPES = YES;
				CLANG_WARN_SUSPICIOUS_MOVE = YES;
				CLANG_WARN_UNREACHABLE_CODE = YES;
				CLANG_WARN__DUPLICATE_METHOD_MATCH = YES;
				"CODE_SIGN_IDENTITY[sdk=iphoneos*]" = "iPhone Developer";
				COPY_PHASE_STRIP = NO;
				DEBUG_INFORMATION_FORMAT = dwarf;
				ENABLE_STRICT_OBJC_MSGSEND = YES;
				ENABLE_TESTABILITY = YES;
				GCC_C_LANGUAGE_STANDARD = gnu99;
				GCC_DYNAMIC_NO_PIC = NO;
				GCC_NO_COMMON_BLOCKS = YES;
				GCC_OPTIMIZATION_LEVEL = 0;
				GCC_PREPROCESSOR_DEFINITIONS = (
					"DEBUG=1",
					"$(inherited)",
				);
				GCC_WARN_64_TO_32_BIT_CONVERSION = YES;
				GCC_WARN_ABOUT_RETURN_TYPE = YES_ERROR;
				GCC_WARN_UNDECLARED_SELECTOR = YES;
				GCC_WARN_UNINITIALIZED_AUTOS = YES_AGGRESSIVE;
				GCC_WARN_UNUSED_FUNCTION = YES;
				GCC_WARN_UNUSED_VARIABLE = YES;
				IPHONEOS_DEPLOYMENT_TARGET = 10.3;
				MTL_ENABLE_DEBUG_INFO = YES;
				ONLY_ACTIVE_ARCH = YES;
				SDKROOT = iphoneos;
				SWIFT_ACTIVE_COMPILATION_CONDITIONS = DEBUG;
				SWIFT_OPTIMIZATION_LEVEL = "-Onone";
				TARGETED_DEVICE_FAMILY = "1,2";
			};
			name = Debug;
		};
		505263971F4B02EE00113180 /* Release */ = {
			isa = XCBuildConfiguration;
			buildSettings = {
				ALWAYS_SEARCH_USER_PATHS = NO;
				CLANG_ANALYZER_NONNULL = YES;
				CLANG_ANALYZER_NUMBER_OBJECT_CONVERSION = YES_AGGRESSIVE;
				CLANG_CXX_LANGUAGE_STANDARD = "gnu++0x";
				CLANG_CXX_LIBRARY = "libc++";
				CLANG_ENABLE_MODULES = YES;
				CLANG_ENABLE_OBJC_ARC = YES;
				CLANG_WARN_BLOCK_CAPTURE_AUTORELEASING = YES;
				CLANG_WARN_BOOL_CONVERSION = YES;
				CLANG_WARN_COMMA = YES;
				CLANG_WARN_CONSTANT_CONVERSION = YES;
				CLANG_WARN_DIRECT_OBJC_ISA_USAGE = YES_ERROR;
				CLANG_WARN_DOCUMENTATION_COMMENTS = YES;
				CLANG_WARN_EMPTY_BODY = YES;
				CLANG_WARN_ENUM_CONVERSION = YES;
				CLANG_WARN_INFINITE_RECURSION = YES;
				CLANG_WARN_INT_CONVERSION = YES;
				CLANG_WARN_NON_LITERAL_NULL_CONVERSION = YES;
				CLANG_WARN_OBJC_LITERAL_CONVERSION = YES;
				CLANG_WARN_OBJC_ROOT_CLASS = YES_ERROR;
				CLANG_WARN_RANGE_LOOP_ANALYSIS = YES;
				CLANG_WARN_STRICT_PROTOTYPES = YES;
				CLANG_WARN_SUSPICIOUS_MOVE = YES;
				CLANG_WARN_UNREACHABLE_CODE = YES;
				CLANG_WARN__DUPLICATE_METHOD_MATCH = YES;
				"CODE_SIGN_IDENTITY[sdk=iphoneos*]" = "iPhone Developer";
				COPY_PHASE_STRIP = NO;
				DEBUG_INFORMATION_FORMAT = "dwarf-with-dsym";
				ENABLE_NS_ASSERTIONS = NO;
				ENABLE_STRICT_OBJC_MSGSEND = YES;
				GCC_C_LANGUAGE_STANDARD = gnu99;
				GCC_NO_COMMON_BLOCKS = YES;
				GCC_WARN_64_TO_32_BIT_CONVERSION = YES;
				GCC_WARN_ABOUT_RETURN_TYPE = YES_ERROR;
				GCC_WARN_UNDECLARED_SELECTOR = YES;
				GCC_WARN_UNINITIALIZED_AUTOS = YES_AGGRESSIVE;
				GCC_WARN_UNUSED_FUNCTION = YES;
				GCC_WARN_UNUSED_VARIABLE = YES;
				IPHONEOS_DEPLOYMENT_TARGET = 10.3;
				MTL_ENABLE_DEBUG_INFO = NO;
				SDKROOT = iphoneos;
				SWIFT_OPTIMIZATION_LEVEL = "-Owholemodule";
				TARGETED_DEVICE_FAMILY = "1,2";
				VALIDATE_PRODUCT = YES;
			};
			name = Release;
		};
		505263991F4B02EE00113180 /* Debug */ = {
			isa = XCBuildConfiguration;
			baseConfigurationReference = 9CF2917EE1153BEF1E256A5E /* Pods-Kiretan0.debug.xcconfig */;
			buildSettings = {
				ASSETCATALOG_COMPILER_APPICON_NAME = AppIcon;
				DEVELOPMENT_TEAM = EPZSBGGQZS;
				FRAMEWORK_SEARCH_PATHS = (
					"$(inherited)",
					"$(PROJECT_DIR)/Carthage/Build/iOS",
				);
				INFOPLIST_FILE = Kiretan0/Info.plist;
				LD_RUNPATH_SEARCH_PATHS = "$(inherited) @executable_path/Frameworks";
				PRODUCT_BUNDLE_IDENTIFIER = com.hironytic.Kiretan0;
				PRODUCT_NAME = "$(TARGET_NAME)";
				SWIFT_VERSION = 4.0;
			};
			name = Debug;
		};
		5052639A1F4B02EE00113180 /* Release */ = {
			isa = XCBuildConfiguration;
			baseConfigurationReference = AC175F8B0AC660C9AE7F3431 /* Pods-Kiretan0.release.xcconfig */;
			buildSettings = {
				ASSETCATALOG_COMPILER_APPICON_NAME = AppIcon;
				DEVELOPMENT_TEAM = EPZSBGGQZS;
				FRAMEWORK_SEARCH_PATHS = (
					"$(inherited)",
					"$(PROJECT_DIR)/Carthage/Build/iOS",
				);
				INFOPLIST_FILE = Kiretan0/Info.plist;
				LD_RUNPATH_SEARCH_PATHS = "$(inherited) @executable_path/Frameworks";
				PRODUCT_BUNDLE_IDENTIFIER = com.hironytic.Kiretan0;
				PRODUCT_NAME = "$(TARGET_NAME)";
				SWIFT_VERSION = 4.0;
			};
			name = Release;
		};
		5052639C1F4B02EE00113180 /* Debug */ = {
			isa = XCBuildConfiguration;
			baseConfigurationReference = 1E1419A3FC37931B6B74467B /* Pods-Kiretan0Tests.debug.xcconfig */;
			buildSettings = {
				ALWAYS_EMBED_SWIFT_STANDARD_LIBRARIES = YES;
				BUNDLE_LOADER = "$(TEST_HOST)";
				DEVELOPMENT_TEAM = EPZSBGGQZS;
				FRAMEWORK_SEARCH_PATHS = (
					"$(inherited)",
					"$(PROJECT_DIR)/Carthage/Build/iOS",
				);
				INFOPLIST_FILE = Kiretan0Tests/Info.plist;
				LD_RUNPATH_SEARCH_PATHS = "$(inherited) @executable_path/Frameworks @loader_path/Frameworks";
				PRODUCT_BUNDLE_IDENTIFIER = com.hironytic.Kiretan0Tests;
				PRODUCT_NAME = "$(TARGET_NAME)";
				SWIFT_VERSION = 4.0;
				TEST_HOST = "$(BUILT_PRODUCTS_DIR)/Kiretan0.app/Kiretan0";
			};
			name = Debug;
		};
		5052639D1F4B02EE00113180 /* Release */ = {
			isa = XCBuildConfiguration;
			baseConfigurationReference = 814DE02FC637B398D9A08055 /* Pods-Kiretan0Tests.release.xcconfig */;
			buildSettings = {
				ALWAYS_EMBED_SWIFT_STANDARD_LIBRARIES = YES;
				BUNDLE_LOADER = "$(TEST_HOST)";
				DEVELOPMENT_TEAM = EPZSBGGQZS;
				FRAMEWORK_SEARCH_PATHS = (
					"$(inherited)",
					"$(PROJECT_DIR)/Carthage/Build/iOS",
				);
				INFOPLIST_FILE = Kiretan0Tests/Info.plist;
				LD_RUNPATH_SEARCH_PATHS = "$(inherited) @executable_path/Frameworks @loader_path/Frameworks";
				PRODUCT_BUNDLE_IDENTIFIER = com.hironytic.Kiretan0Tests;
				PRODUCT_NAME = "$(TARGET_NAME)";
				SWIFT_VERSION = 4.0;
				TEST_HOST = "$(BUILT_PRODUCTS_DIR)/Kiretan0.app/Kiretan0";
			};
			name = Release;
		};
/* End XCBuildConfiguration section */

/* Begin XCConfigurationList section */
		505263761F4B02EE00113180 /* Build configuration list for PBXProject "Kiretan0" */ = {
			isa = XCConfigurationList;
			buildConfigurations = (
				505263961F4B02EE00113180 /* Debug */,
				505263971F4B02EE00113180 /* Release */,
			);
			defaultConfigurationIsVisible = 0;
			defaultConfigurationName = Release;
		};
		505263981F4B02EE00113180 /* Build configuration list for PBXNativeTarget "Kiretan0" */ = {
			isa = XCConfigurationList;
			buildConfigurations = (
				505263991F4B02EE00113180 /* Debug */,
				5052639A1F4B02EE00113180 /* Release */,
			);
			defaultConfigurationIsVisible = 0;
			defaultConfigurationName = Release;
		};
		5052639B1F4B02EE00113180 /* Build configuration list for PBXNativeTarget "Kiretan0Tests" */ = {
			isa = XCConfigurationList;
			buildConfigurations = (
				5052639C1F4B02EE00113180 /* Debug */,
				5052639D1F4B02EE00113180 /* Release */,
			);
			defaultConfigurationIsVisible = 0;
			defaultConfigurationName = Release;
		};
/* End XCConfigurationList section */
	};
	rootObject = 505263731F4B02EE00113180 /* Project object */;
}
