// !$*UTF8*$!
{
	archiveVersion = 1;
	classes = {
	};
	objectVersion = 46;
	objects = {

/* Begin PBXBuildFile section */
		0B2809580F0B4D4980A46FA1 /* Pods_Kiretan0.framework in Frameworks */ = {isa = PBXBuildFile; fileRef = E05A20B411B107A41B7B407C /* Pods_Kiretan0.framework */; };
		5052637F1F4B02EE00113180 /* AppDelegate.swift in Sources */ = {isa = PBXBuildFile; fileRef = 5052637E1F4B02EE00113180 /* AppDelegate.swift */; };
		505263811F4B02EE00113180 /* MainViewController.swift in Sources */ = {isa = PBXBuildFile; fileRef = 505263801F4B02EE00113180 /* MainViewController.swift */; };
		505263841F4B02EE00113180 /* Main.storyboard in Resources */ = {isa = PBXBuildFile; fileRef = 505263821F4B02EE00113180 /* Main.storyboard */; };
		505263861F4B02EE00113180 /* Assets.xcassets in Resources */ = {isa = PBXBuildFile; fileRef = 505263851F4B02EE00113180 /* Assets.xcassets */; };
		505263891F4B02EE00113180 /* LaunchScreen.storyboard in Resources */ = {isa = PBXBuildFile; fileRef = 505263871F4B02EE00113180 /* LaunchScreen.storyboard */; };
		505263941F4B02EE00113180 /* Kiretan0Tests.swift in Sources */ = {isa = PBXBuildFile; fileRef = 505263931F4B02EE00113180 /* Kiretan0Tests.swift */; };
		505263A11F4B155900113180 /* GoogleService-Info.plist in Resources */ = {isa = PBXBuildFile; fileRef = 505263A01F4B155900113180 /* GoogleService-Info.plist */; };
		505263AB1F4EF7F300113180 /* ActionObserver.swift in Sources */ = {isa = PBXBuildFile; fileRef = 505263A31F4EF7F300113180 /* ActionObserver.swift */; };
		505263AC1F4EF7F300113180 /* DefaultLocator.swift in Sources */ = {isa = PBXBuildFile; fileRef = 505263A41F4EF7F300113180 /* DefaultLocator.swift */; };
		505263AD1F4EF7F300113180 /* DismissingMessage.swift in Sources */ = {isa = PBXBuildFile; fileRef = 505263A61F4EF7F300113180 /* DismissingMessage.swift */; };
		505263AE1F4EF7F300113180 /* TransitionMessage.swift in Sources */ = {isa = PBXBuildFile; fileRef = 505263A71F4EF7F300113180 /* TransitionMessage.swift */; };
		505263AF1F4EF7F300113180 /* Message.swift in Sources */ = {isa = PBXBuildFile; fileRef = 505263A81F4EF7F300113180 /* Message.swift */; };
		505263B01F4EF7F300113180 /* MessageSlot.swift in Sources */ = {isa = PBXBuildFile; fileRef = 505263A91F4EF7F300113180 /* MessageSlot.swift */; };
		505263B11F4EF7F300113180 /* ViewModel.swift in Sources */ = {isa = PBXBuildFile; fileRef = 505263AA1F4EF7F300113180 /* ViewModel.swift */; };
		505263B41F4EF9C500113180 /* RxCocoa.framework in Frameworks */ = {isa = PBXBuildFile; fileRef = 505263B21F4EF9C500113180 /* RxCocoa.framework */; };
		505263B51F4EF9C500113180 /* RxSwift.framework in Frameworks */ = {isa = PBXBuildFile; fileRef = 505263B31F4EF9C500113180 /* RxSwift.framework */; };
		505263BB1F4F092700113180 /* ViewControllerCreatable.swift in Sources */ = {isa = PBXBuildFile; fileRef = 505263B91F4F092700113180 /* ViewControllerCreatable.swift */; };
		505263C01F4F0A2F00113180 /* Transitionable.swift in Sources */ = {isa = PBXBuildFile; fileRef = 505263BF1F4F0A2F00113180 /* Transitionable.swift */; };
		505263C41F4F0F4C00113180 /* MainViewModel.swift in Sources */ = {isa = PBXBuildFile; fileRef = 505263C31F4F0F4C00113180 /* MainViewModel.swift */; };
		505263C71F4F14A300113180 /* Welcome.storyboard in Resources */ = {isa = PBXBuildFile; fileRef = 505263C61F4F14A300113180 /* Welcome.storyboard */; };
		505263C91F4F150900113180 /* WelcomeViewController.swift in Sources */ = {isa = PBXBuildFile; fileRef = 505263C81F4F150900113180 /* WelcomeViewController.swift */; };
		505263CB1F4F153700113180 /* WelcomeViewModel.swift in Sources */ = {isa = PBXBuildFile; fileRef = 505263CA1F4F153700113180 /* WelcomeViewModel.swift */; };
		505263F51F52B84000113180 /* UserAccountStore.swift in Sources */ = {isa = PBXBuildFile; fileRef = 505263F41F52B84000113180 /* UserAccountStore.swift */; };
		505263F71F56E05500113180 /* UserAccount.swift in Sources */ = {isa = PBXBuildFile; fileRef = 505263F61F56E05500113180 /* UserAccount.swift */; };
		505263F91F56E74A00113180 /* NullLocator.swift in Sources */ = {isa = PBXBuildFile; fileRef = 505263F81F56E74A00113180 /* NullLocator.swift */; };
		505263FC1F56FBF400113180 /* Root.storyboard in Resources */ = {isa = PBXBuildFile; fileRef = 505263FB1F56FBF400113180 /* Root.storyboard */; };
		505263FE1F56FC1300113180 /* RootViewController.swift in Sources */ = {isa = PBXBuildFile; fileRef = 505263FD1F56FC1300113180 /* RootViewController.swift */; };
		505264001F56FC5B00113180 /* RootViewModel.swift in Sources */ = {isa = PBXBuildFile; fileRef = 505263FF1F56FC5B00113180 /* RootViewModel.swift */; };
		B8CF05BD73E585ACE10CEEAF /* Pods_Kiretan0Tests.framework in Frameworks */ = {isa = PBXBuildFile; fileRef = 8D5514D7F7DF8D3775DE2A23 /* Pods_Kiretan0Tests.framework */; };
/* End PBXBuildFile section */

/* Begin PBXContainerItemProxy section */
		505263901F4B02EE00113180 /* PBXContainerItemProxy */ = {
			isa = PBXContainerItemProxy;
			containerPortal = 505263731F4B02EE00113180 /* Project object */;
			proxyType = 1;
			remoteGlobalIDString = 5052637A1F4B02EE00113180;
			remoteInfo = Kiretan0;
		};
/* End PBXContainerItemProxy section */

/* Begin PBXFileReference section */
		1E1419A3FC37931B6B74467B /* Pods-Kiretan0Tests.debug.xcconfig */ = {isa = PBXFileReference; includeInIndex = 1; lastKnownFileType = text.xcconfig; name = "Pods-Kiretan0Tests.debug.xcconfig"; path = "Pods/Target Support Files/Pods-Kiretan0Tests/Pods-Kiretan0Tests.debug.xcconfig"; sourceTree = "<group>"; };
		5052637B1F4B02EE00113180 /* Kiretan0.app */ = {isa = PBXFileReference; explicitFileType = wrapper.application; includeInIndex = 0; path = Kiretan0.app; sourceTree = BUILT_PRODUCTS_DIR; };
		5052637E1F4B02EE00113180 /* AppDelegate.swift */ = {isa = PBXFileReference; lastKnownFileType = sourcecode.swift; path = AppDelegate.swift; sourceTree = "<group>"; };
		505263801F4B02EE00113180 /* MainViewController.swift */ = {isa = PBXFileReference; lastKnownFileType = sourcecode.swift; path = MainViewController.swift; sourceTree = "<group>"; };
		505263831F4B02EE00113180 /* Base */ = {isa = PBXFileReference; lastKnownFileType = file.storyboard; name = Base; path = Base.lproj/Main.storyboard; sourceTree = "<group>"; };
		505263851F4B02EE00113180 /* Assets.xcassets */ = {isa = PBXFileReference; lastKnownFileType = folder.assetcatalog; path = Assets.xcassets; sourceTree = "<group>"; };
		505263881F4B02EE00113180 /* Base */ = {isa = PBXFileReference; lastKnownFileType = file.storyboard; name = Base; path = Base.lproj/LaunchScreen.storyboard; sourceTree = "<group>"; };
		5052638A1F4B02EE00113180 /* Info.plist */ = {isa = PBXFileReference; lastKnownFileType = text.plist.xml; path = Info.plist; sourceTree = "<group>"; };
		5052638F1F4B02EE00113180 /* Kiretan0Tests.xctest */ = {isa = PBXFileReference; explicitFileType = wrapper.cfbundle; includeInIndex = 0; path = Kiretan0Tests.xctest; sourceTree = BUILT_PRODUCTS_DIR; };
		505263931F4B02EE00113180 /* Kiretan0Tests.swift */ = {isa = PBXFileReference; lastKnownFileType = sourcecode.swift; path = Kiretan0Tests.swift; sourceTree = "<group>"; };
		505263951F4B02EE00113180 /* Info.plist */ = {isa = PBXFileReference; lastKnownFileType = text.plist.xml; path = Info.plist; sourceTree = "<group>"; };
		505263A01F4B155900113180 /* GoogleService-Info.plist */ = {isa = PBXFileReference; fileEncoding = 4; lastKnownFileType = text.plist.xml; path = "GoogleService-Info.plist"; sourceTree = "<group>"; };
		505263A31F4EF7F300113180 /* ActionObserver.swift */ = {isa = PBXFileReference; fileEncoding = 4; lastKnownFileType = sourcecode.swift; path = ActionObserver.swift; sourceTree = "<group>"; };
		505263A41F4EF7F300113180 /* DefaultLocator.swift */ = {isa = PBXFileReference; fileEncoding = 4; lastKnownFileType = sourcecode.swift; path = DefaultLocator.swift; sourceTree = "<group>"; };
		505263A61F4EF7F300113180 /* DismissingMessage.swift */ = {isa = PBXFileReference; fileEncoding = 4; lastKnownFileType = sourcecode.swift; path = DismissingMessage.swift; sourceTree = "<group>"; };
		505263A71F4EF7F300113180 /* TransitionMessage.swift */ = {isa = PBXFileReference; fileEncoding = 4; lastKnownFileType = sourcecode.swift; path = TransitionMessage.swift; sourceTree = "<group>"; };
		505263A81F4EF7F300113180 /* Message.swift */ = {isa = PBXFileReference; fileEncoding = 4; lastKnownFileType = sourcecode.swift; name = Message.swift; path = Kiretan0/AppFramework/Message/Message.swift; sourceTree = SOURCE_ROOT; };
		505263A91F4EF7F300113180 /* MessageSlot.swift */ = {isa = PBXFileReference; fileEncoding = 4; lastKnownFileType = sourcecode.swift; name = MessageSlot.swift; path = Kiretan0/AppFramework/Message/MessageSlot.swift; sourceTree = SOURCE_ROOT; };
		505263AA1F4EF7F300113180 /* ViewModel.swift */ = {isa = PBXFileReference; fileEncoding = 4; lastKnownFileType = sourcecode.swift; path = ViewModel.swift; sourceTree = "<group>"; };
		505263B21F4EF9C500113180 /* RxCocoa.framework */ = {isa = PBXFileReference; lastKnownFileType = wrapper.framework; name = RxCocoa.framework; path = Carthage/Build/iOS/RxCocoa.framework; sourceTree = "<group>"; };
		505263B31F4EF9C500113180 /* RxSwift.framework */ = {isa = PBXFileReference; lastKnownFileType = wrapper.framework; name = RxSwift.framework; path = Carthage/Build/iOS/RxSwift.framework; sourceTree = "<group>"; };
		505263B91F4F092700113180 /* ViewControllerCreatable.swift */ = {isa = PBXFileReference; fileEncoding = 4; lastKnownFileType = sourcecode.swift; path = ViewControllerCreatable.swift; sourceTree = "<group>"; };
		505263BF1F4F0A2F00113180 /* Transitionable.swift */ = {isa = PBXFileReference; fileEncoding = 4; lastKnownFileType = sourcecode.swift; path = Transitionable.swift; sourceTree = "<group>"; };
		505263C31F4F0F4C00113180 /* MainViewModel.swift */ = {isa = PBXFileReference; fileEncoding = 4; lastKnownFileType = sourcecode.swift; path = MainViewModel.swift; sourceTree = "<group>"; };
		505263C61F4F14A300113180 /* Welcome.storyboard */ = {isa = PBXFileReference; fileEncoding = 4; lastKnownFileType = file.storyboard; path = Welcome.storyboard; sourceTree = "<group>"; };
		505263C81F4F150900113180 /* WelcomeViewController.swift */ = {isa = PBXFileReference; fileEncoding = 4; lastKnownFileType = sourcecode.swift; path = WelcomeViewController.swift; sourceTree = "<group>"; };
		505263CA1F4F153700113180 /* WelcomeViewModel.swift */ = {isa = PBXFileReference; fileEncoding = 4; lastKnownFileType = sourcecode.swift; path = WelcomeViewModel.swift; sourceTree = "<group>"; };
		505263F41F52B84000113180 /* UserAccountStore.swift */ = {isa = PBXFileReference; fileEncoding = 4; lastKnownFileType = sourcecode.swift; path = UserAccountStore.swift; sourceTree = "<group>"; };
		505263F61F56E05500113180 /* UserAccount.swift */ = {isa = PBXFileReference; fileEncoding = 4; lastKnownFileType = sourcecode.swift; path = UserAccount.swift; sourceTree = "<group>"; };
		505263F81F56E74A00113180 /* NullLocator.swift */ = {isa = PBXFileReference; fileEncoding = 4; lastKnownFileType = sourcecode.swift; path = NullLocator.swift; sourceTree = "<group>"; };
		505263FB1F56FBF400113180 /* Root.storyboard */ = {isa = PBXFileReference; fileEncoding = 4; lastKnownFileType = file.storyboard; path = Root.storyboard; sourceTree = "<group>"; };
		505263FD1F56FC1300113180 /* RootViewController.swift */ = {isa = PBXFileReference; fileEncoding = 4; lastKnownFileType = sourcecode.swift; path = RootViewController.swift; sourceTree = "<group>"; };
		505263FF1F56FC5B00113180 /* RootViewModel.swift */ = {isa = PBXFileReference; fileEncoding = 4; lastKnownFileType = sourcecode.swift; path = RootViewModel.swift; sourceTree = "<group>"; };
		814DE02FC637B398D9A08055 /* Pods-Kiretan0Tests.release.xcconfig */ = {isa = PBXFileReference; includeInIndex = 1; lastKnownFileType = text.xcconfig; name = "Pods-Kiretan0Tests.release.xcconfig"; path = "Pods/Target Support Files/Pods-Kiretan0Tests/Pods-Kiretan0Tests.release.xcconfig"; sourceTree = "<group>"; };
		8D5514D7F7DF8D3775DE2A23 /* Pods_Kiretan0Tests.framework */ = {isa = PBXFileReference; explicitFileType = wrapper.framework; includeInIndex = 0; path = Pods_Kiretan0Tests.framework; sourceTree = BUILT_PRODUCTS_DIR; };
		9CF2917EE1153BEF1E256A5E /* Pods-Kiretan0.debug.xcconfig */ = {isa = PBXFileReference; includeInIndex = 1; lastKnownFileType = text.xcconfig; name = "Pods-Kiretan0.debug.xcconfig"; path = "Pods/Target Support Files/Pods-Kiretan0/Pods-Kiretan0.debug.xcconfig"; sourceTree = "<group>"; };
		AC175F8B0AC660C9AE7F3431 /* Pods-Kiretan0.release.xcconfig */ = {isa = PBXFileReference; includeInIndex = 1; lastKnownFileType = text.xcconfig; name = "Pods-Kiretan0.release.xcconfig"; path = "Pods/Target Support Files/Pods-Kiretan0/Pods-Kiretan0.release.xcconfig"; sourceTree = "<group>"; };
		E05A20B411B107A41B7B407C /* Pods_Kiretan0.framework */ = {isa = PBXFileReference; explicitFileType = wrapper.framework; includeInIndex = 0; path = Pods_Kiretan0.framework; sourceTree = BUILT_PRODUCTS_DIR; };
/* End PBXFileReference section */

/* Begin PBXFrameworksBuildPhase section */
		505263781F4B02EE00113180 /* Frameworks */ = {
			isa = PBXFrameworksBuildPhase;
			buildActionMask = 2147483647;
			files = (
				0B2809580F0B4D4980A46FA1 /* Pods_Kiretan0.framework in Frameworks */,
				505263B41F4EF9C500113180 /* RxCocoa.framework in Frameworks */,
				505263B51F4EF9C500113180 /* RxSwift.framework in Frameworks */,
			);
			runOnlyForDeploymentPostprocessing = 0;
		};
		5052638C1F4B02EE00113180 /* Frameworks */ = {
			isa = PBXFrameworksBuildPhase;
			buildActionMask = 2147483647;
			files = (
				B8CF05BD73E585ACE10CEEAF /* Pods_Kiretan0Tests.framework in Frameworks */,
			);
			runOnlyForDeploymentPostprocessing = 0;
		};
/* End PBXFrameworksBuildPhase section */

/* Begin PBXGroup section */
		143E85C355B9ADC239F26090 /* Frameworks */ = {
			isa = PBXGroup;
			children = (
				505263B21F4EF9C500113180 /* RxCocoa.framework */,
				505263B31F4EF9C500113180 /* RxSwift.framework */,
				E05A20B411B107A41B7B407C /* Pods_Kiretan0.framework */,
				8D5514D7F7DF8D3775DE2A23 /* Pods_Kiretan0Tests.framework */,
			);
			name = Frameworks;
			sourceTree = "<group>";
		};
		505263721F4B02EE00113180 = {
			isa = PBXGroup;
			children = (
				5052637D1F4B02EE00113180 /* Kiretan0 */,
				505263921F4B02EE00113180 /* Kiretan0Tests */,
				5052637C1F4B02EE00113180 /* Products */,
				7FE24AFD56E00FB772473CAE /* Pods */,
				143E85C355B9ADC239F26090 /* Frameworks */,
			);
			sourceTree = "<group>";
		};
		5052637C1F4B02EE00113180 /* Products */ = {
			isa = PBXGroup;
			children = (
				5052637B1F4B02EE00113180 /* Kiretan0.app */,
				5052638F1F4B02EE00113180 /* Kiretan0Tests.xctest */,
			);
			name = Products;
			sourceTree = "<group>";
		};
		5052637D1F4B02EE00113180 /* Kiretan0 */ = {
			isa = PBXGroup;
			children = (
				505263C11F4F0DAB00113180 /* View */,
				505263F21F52B7FE00113180 /* Model */,
				505263A21F4EF7F300113180 /* AppFramework */,
				5052637E1F4B02EE00113180 /* AppDelegate.swift */,
				505263A41F4EF7F300113180 /* DefaultLocator.swift */,
				505263851F4B02EE00113180 /* Assets.xcassets */,
				505263871F4B02EE00113180 /* LaunchScreen.storyboard */,
				5052638A1F4B02EE00113180 /* Info.plist */,
				505263A01F4B155900113180 /* GoogleService-Info.plist */,
			);
			path = Kiretan0;
			sourceTree = "<group>";
		};
		505263921F4B02EE00113180 /* Kiretan0Tests */ = {
			isa = PBXGroup;
			children = (
				505263931F4B02EE00113180 /* Kiretan0Tests.swift */,
				505263951F4B02EE00113180 /* Info.plist */,
			);
			path = Kiretan0Tests;
			sourceTree = "<group>";
		};
		505263A21F4EF7F300113180 /* AppFramework */ = {
			isa = PBXGroup;
			children = (
				505263A31F4EF7F300113180 /* ActionObserver.swift */,
				505263A51F4EF7F300113180 /* Message */,
				505263BF1F4F0A2F00113180 /* Transitionable.swift */,
				505263B91F4F092700113180 /* ViewControllerCreatable.swift */,
				505263AA1F4EF7F300113180 /* ViewModel.swift */,
				505263F81F56E74A00113180 /* NullLocator.swift */,
			);
			path = AppFramework;
			sourceTree = "<group>";
		};
		505263A51F4EF7F300113180 /* Message */ = {
			isa = PBXGroup;
			children = (
				505263A81F4EF7F300113180 /* Message.swift */,
				505263A91F4EF7F300113180 /* MessageSlot.swift */,
				505263A61F4EF7F300113180 /* DismissingMessage.swift */,
				505263A71F4EF7F300113180 /* TransitionMessage.swift */,
			);
			path = Message;
			sourceTree = "<group>";
		};
		505263C11F4F0DAB00113180 /* View */ = {
			isa = PBXGroup;
			children = (
				505263FA1F56FBE400113180 /* Root */,
				505263C21F4F0DAB00113180 /* Main */,
				505263C51F4F148400113180 /* Welcome */,
			);
			path = View;
			sourceTree = "<group>";
		};
		505263C21F4F0DAB00113180 /* Main */ = {
			isa = PBXGroup;
			children = (
				505263821F4B02EE00113180 /* Main.storyboard */,
				505263801F4B02EE00113180 /* MainViewController.swift */,
				505263C31F4F0F4C00113180 /* MainViewModel.swift */,
			);
			path = Main;
			sourceTree = "<group>";
		};
		505263C51F4F148400113180 /* Welcome */ = {
			isa = PBXGroup;
			children = (
				505263C61F4F14A300113180 /* Welcome.storyboard */,
				505263C81F4F150900113180 /* WelcomeViewController.swift */,
				505263CA1F4F153700113180 /* WelcomeViewModel.swift */,
			);
			path = Welcome;
			sourceTree = "<group>";
		};
		505263F21F52B7FE00113180 /* Model */ = {
			isa = PBXGroup;
			children = (
				505263F31F52B81000113180 /* UserAccount */,
			);
			path = Model;
			sourceTree = "<group>";
		};
		505263F31F52B81000113180 /* UserAccount */ = {
			isa = PBXGroup;
			children = (
				505263F61F56E05500113180 /* UserAccount.swift */,
				505263F41F52B84000113180 /* UserAccountStore.swift */,
			);
			path = UserAccount;
			sourceTree = "<group>";
		};
		505263FA1F56FBE400113180 /* Root */ = {
			isa = PBXGroup;
			children = (
				505263FB1F56FBF400113180 /* Root.storyboard */,
				505263FD1F56FC1300113180 /* RootViewController.swift */,
				505263FF1F56FC5B00113180 /* RootViewModel.swift */,
			);
			path = Root;
			sourceTree = "<group>";
		};
		7FE24AFD56E00FB772473CAE /* Pods */ = {
			isa = PBXGroup;
			children = (
				9CF2917EE1153BEF1E256A5E /* Pods-Kiretan0.debug.xcconfig */,
				AC175F8B0AC660C9AE7F3431 /* Pods-Kiretan0.release.xcconfig */,
				1E1419A3FC37931B6B74467B /* Pods-Kiretan0Tests.debug.xcconfig */,
				814DE02FC637B398D9A08055 /* Pods-Kiretan0Tests.release.xcconfig */,
			);
			name = Pods;
			sourceTree = "<group>";
		};
/* End PBXGroup section */

/* Begin PBXNativeTarget section */
		5052637A1F4B02EE00113180 /* Kiretan0 */ = {
			isa = PBXNativeTarget;
			buildConfigurationList = 505263981F4B02EE00113180 /* Build configuration list for PBXNativeTarget "Kiretan0" */;
			buildPhases = (
				3502BBE380E0B88FCC127CAD /* [CP] Check Pods Manifest.lock */,
				505263771F4B02EE00113180 /* Sources */,
				505263781F4B02EE00113180 /* Frameworks */,
				505263791F4B02EE00113180 /* Resources */,
				A6DC842026B7F6AA26A120F8 /* [CP] Embed Pods Frameworks */,
				CFAB0C8F44CC3923D5213B75 /* [CP] Copy Pods Resources */,
				505263B61F4EF9E600113180 /* [Carthage] Copy Frameworks */,
			);
			buildRules = (
			);
			dependencies = (
			);
			name = Kiretan0;
			productName = Kiretan0;
			productReference = 5052637B1F4B02EE00113180 /* Kiretan0.app */;
			productType = "com.apple.product-type.application";
		};
		5052638E1F4B02EE00113180 /* Kiretan0Tests */ = {
			isa = PBXNativeTarget;
			buildConfigurationList = 5052639B1F4B02EE00113180 /* Build configuration list for PBXNativeTarget "Kiretan0Tests" */;
			buildPhases = (
				30465BCD25BEFDC252516689 /* [CP] Check Pods Manifest.lock */,
				5052638B1F4B02EE00113180 /* Sources */,
				5052638C1F4B02EE00113180 /* Frameworks */,
				5052638D1F4B02EE00113180 /* Resources */,
				B89D978D8ABE2A6742DFBC1E /* [CP] Embed Pods Frameworks */,
				873CF4456A4F6A5680B13742 /* [CP] Copy Pods Resources */,
			);
			buildRules = (
			);
			dependencies = (
				505263911F4B02EE00113180 /* PBXTargetDependency */,
			);
			name = Kiretan0Tests;
			productName = Kiretan0Tests;
			productReference = 5052638F1F4B02EE00113180 /* Kiretan0Tests.xctest */;
			productType = "com.apple.product-type.bundle.unit-test";
		};
/* End PBXNativeTarget section */

/* Begin PBXProject section */
		505263731F4B02EE00113180 /* Project object */ = {
			isa = PBXProject;
			attributes = {
				LastSwiftUpdateCheck = 0830;
				LastUpgradeCheck = 0830;
				ORGANIZATIONNAME = Hironytic;
				TargetAttributes = {
					5052637A1F4B02EE00113180 = {
						CreatedOnToolsVersion = 8.3.3;
						DevelopmentTeam = EPZSBGGQZS;
						ProvisioningStyle = Automatic;
					};
					5052638E1F4B02EE00113180 = {
						CreatedOnToolsVersion = 8.3.3;
						DevelopmentTeam = EPZSBGGQZS;
						ProvisioningStyle = Automatic;
						TestTargetID = 5052637A1F4B02EE00113180;
					};
				};
			};
			buildConfigurationList = 505263761F4B02EE00113180 /* Build configuration list for PBXProject "Kiretan0" */;
			compatibilityVersion = "Xcode 3.2";
			developmentRegion = English;
			hasScannedForEncodings = 0;
			knownRegions = (
				en,
				Base,
			);
			mainGroup = 505263721F4B02EE00113180;
			productRefGroup = 5052637C1F4B02EE00113180 /* Products */;
			projectDirPath = "";
			projectRoot = "";
			targets = (
				5052637A1F4B02EE00113180 /* Kiretan0 */,
				5052638E1F4B02EE00113180 /* Kiretan0Tests */,
			);
		};
/* End PBXProject section */

/* Begin PBXResourcesBuildPhase section */
		505263791F4B02EE00113180 /* Resources */ = {
			isa = PBXResourcesBuildPhase;
			buildActionMask = 2147483647;
			files = (
				505263FC1F56FBF400113180 /* Root.storyboard in Resources */,
				505263C71F4F14A300113180 /* Welcome.storyboard in Resources */,
				505263891F4B02EE00113180 /* LaunchScreen.storyboard in Resources */,
				505263A11F4B155900113180 /* GoogleService-Info.plist in Resources */,
				505263861F4B02EE00113180 /* Assets.xcassets in Resources */,
				505263841F4B02EE00113180 /* Main.storyboard in Resources */,
			);
			runOnlyForDeploymentPostprocessing = 0;
		};
		5052638D1F4B02EE00113180 /* Resources */ = {
			isa = PBXResourcesBuildPhase;
			buildActionMask = 2147483647;
			files = (
			);
			runOnlyForDeploymentPostprocessing = 0;
		};
/* End PBXResourcesBuildPhase section */

/* Begin PBXShellScriptBuildPhase section */
		30465BCD25BEFDC252516689 /* [CP] Check Pods Manifest.lock */ = {
			isa = PBXShellScriptBuildPhase;
			buildActionMask = 2147483647;
			files = (
			);
			inputPaths = (
				"${PODS_PODFILE_DIR_PATH}/Podfile.lock",
				"${PODS_ROOT}/Manifest.lock",
			);
			name = "[CP] Check Pods Manifest.lock";
			outputPaths = (
				"$(DERIVED_FILE_DIR)/Pods-Kiretan0Tests-checkManifestLockResult.txt",
			);
			runOnlyForDeploymentPostprocessing = 0;
			shellPath = /bin/sh;
			shellScript = "diff \"${PODS_PODFILE_DIR_PATH}/Podfile.lock\" \"${PODS_ROOT}/Manifest.lock\" > /dev/null\nif [ $? != 0 ] ; then\n    # print error to STDERR\n    echo \"error: The sandbox is not in sync with the Podfile.lock. Run 'pod install' or update your CocoaPods installation.\" >&2\n    exit 1\nfi\n# This output is used by Xcode 'outputs' to avoid re-running this script phase.\necho \"SUCCESS\" > \"${SCRIPT_OUTPUT_FILE_0}\"\n";
			showEnvVarsInLog = 0;
		};
		3502BBE380E0B88FCC127CAD /* [CP] Check Pods Manifest.lock */ = {
			isa = PBXShellScriptBuildPhase;
			buildActionMask = 2147483647;
			files = (
			);
			inputPaths = (
				"${PODS_PODFILE_DIR_PATH}/Podfile.lock",
				"${PODS_ROOT}/Manifest.lock",
			);
			name = "[CP] Check Pods Manifest.lock";
			outputPaths = (
				"$(DERIVED_FILE_DIR)/Pods-Kiretan0-checkManifestLockResult.txt",
			);
			runOnlyForDeploymentPostprocessing = 0;
			shellPath = /bin/sh;
			shellScript = "diff \"${PODS_PODFILE_DIR_PATH}/Podfile.lock\" \"${PODS_ROOT}/Manifest.lock\" > /dev/null\nif [ $? != 0 ] ; then\n    # print error to STDERR\n    echo \"error: The sandbox is not in sync with the Podfile.lock. Run 'pod install' or update your CocoaPods installation.\" >&2\n    exit 1\nfi\n# This output is used by Xcode 'outputs' to avoid re-running this script phase.\necho \"SUCCESS\" > \"${SCRIPT_OUTPUT_FILE_0}\"\n";
			showEnvVarsInLog = 0;
		};
		505263B61F4EF9E600113180 /* [Carthage] Copy Frameworks */ = {
			isa = PBXShellScriptBuildPhase;
			buildActionMask = 2147483647;
			files = (
			);
			inputPaths = (
				"$(SRCROOT)/Carthage/Build/iOS/RxCocoa.framework",
				"$(SRCROOT)/Carthage/Build/iOS/RxSwift.framework",
			);
			name = "[Carthage] Copy Frameworks";
			outputPaths = (
				"$(BUILT_PRODUCTS_DIR)/$(FRAMEWORKS_FOLDER_PATH)/RxCocoa.framework",
				"$(BUILT_PRODUCTS_DIR)/$(FRAMEWORKS_FOLDER_PATH)/RxSwift.framework",
			);
			runOnlyForDeploymentPostprocessing = 0;
			shellPath = /bin/sh;
			shellScript = "/usr/local/bin/carthage copy-frameworks";
		};
		873CF4456A4F6A5680B13742 /* [CP] Copy Pods Resources */ = {
			isa = PBXShellScriptBuildPhase;
			buildActionMask = 2147483647;
			files = (
			);
			inputPaths = (
			);
			name = "[CP] Copy Pods Resources";
			outputPaths = (
			);
			runOnlyForDeploymentPostprocessing = 0;
			shellPath = /bin/sh;
			shellScript = "\"${SRCROOT}/Pods/Target Support Files/Pods-Kiretan0Tests/Pods-Kiretan0Tests-resources.sh\"\n";
			showEnvVarsInLog = 0;
		};
		A6DC842026B7F6AA26A120F8 /* [CP] Embed Pods Frameworks */ = {
			isa = PBXShellScriptBuildPhase;
			buildActionMask = 2147483647;
			files = (
			);
			inputPaths = (
				"${SRCROOT}/Pods/Target Support Files/Pods-Kiretan0/Pods-Kiretan0-frameworks.sh",
				"${BUILT_PRODUCTS_DIR}/GTMSessionFetcher/GTMSessionFetcher.framework",
				"${BUILT_PRODUCTS_DIR}/GoogleToolboxForMac/GoogleToolboxForMac.framework",
				"${BUILT_PRODUCTS_DIR}/leveldb-library/leveldb.framework",
				"${BUILT_PRODUCTS_DIR}/nanopb/nanopb.framework",
			);
			name = "[CP] Embed Pods Frameworks";
			outputPaths = (
				"${TARGET_BUILD_DIR}/${FRAMEWORKS_FOLDER_PATH}/GTMSessionFetcher.framework",
				"${TARGET_BUILD_DIR}/${FRAMEWORKS_FOLDER_PATH}/GoogleToolboxForMac.framework",
				"${TARGET_BUILD_DIR}/${FRAMEWORKS_FOLDER_PATH}/leveldb.framework",
				"${TARGET_BUILD_DIR}/${FRAMEWORKS_FOLDER_PATH}/nanopb.framework",
			);
			runOnlyForDeploymentPostprocessing = 0;
			shellPath = /bin/sh;
			shellScript = "\"${SRCROOT}/Pods/Target Support Files/Pods-Kiretan0/Pods-Kiretan0-frameworks.sh\"\n";
			showEnvVarsInLog = 0;
		};
		B89D978D8ABE2A6742DFBC1E /* [CP] Embed Pods Frameworks */ = {
			isa = PBXShellScriptBuildPhase;
			buildActionMask = 2147483647;
			files = (
			);
			inputPaths = (
			);
			name = "[CP] Embed Pods Frameworks";
			outputPaths = (
			);
			runOnlyForDeploymentPostprocessing = 0;
			shellPath = /bin/sh;
			shellScript = "\"${SRCROOT}/Pods/Target Support Files/Pods-Kiretan0Tests/Pods-Kiretan0Tests-frameworks.sh\"\n";
			showEnvVarsInLog = 0;
		};
		CFAB0C8F44CC3923D5213B75 /* [CP] Copy Pods Resources */ = {
			isa = PBXShellScriptBuildPhase;
			buildActionMask = 2147483647;
			files = (
			);
			inputPaths = (
			);
			name = "[CP] Copy Pods Resources";
			outputPaths = (
			);
			runOnlyForDeploymentPostprocessing = 0;
			shellPath = /bin/sh;
			shellScript = "\"${SRCROOT}/Pods/Target Support Files/Pods-Kiretan0/Pods-Kiretan0-resources.sh\"\n";
			showEnvVarsInLog = 0;
		};
/* End PBXShellScriptBuildPhase section */

/* Begin PBXSourcesBuildPhase section */
		505263771F4B02EE00113180 /* Sources */ = {
			isa = PBXSourcesBuildPhase;
			buildActionMask = 2147483647;
			files = (
				505263BB1F4F092700113180 /* ViewControllerCreatable.swift in Sources */,
				505263AD1F4EF7F300113180 /* DismissingMessage.swift in Sources */,
				505263FE1F56FC1300113180 /* RootViewController.swift in Sources */,
				505263B11F4EF7F300113180 /* ViewModel.swift in Sources */,
				505264001F56FC5B00113180 /* RootViewModel.swift in Sources */,
				505263CB1F4F153700113180 /* WelcomeViewModel.swift in Sources */,
				505263AC1F4EF7F300113180 /* DefaultLocator.swift in Sources */,
				505263F71F56E05500113180 /* UserAccount.swift in Sources */,
				505263C41F4F0F4C00113180 /* MainViewModel.swift in Sources */,
				505263F51F52B84000113180 /* UserAccountStore.swift in Sources */,
				505263AE1F4EF7F300113180 /* TransitionMessage.swift in Sources */,
				505263F91F56E74A00113180 /* NullLocator.swift in Sources */,
				505263C91F4F150900113180 /* WelcomeViewController.swift in Sources */,
				505263B01F4EF7F300113180 /* MessageSlot.swift in Sources */,
				505263811F4B02EE00113180 /* MainViewController.swift in Sources */,
				5052637F1F4B02EE00113180 /* AppDelegate.swift in Sources */,
				505263C01F4F0A2F00113180 /* Transitionable.swift in Sources */,
				505263AB1F4EF7F300113180 /* ActionObserver.swift in Sources */,
				505263AF1F4EF7F300113180 /* Message.swift in Sources */,
			);
			runOnlyForDeploymentPostprocessing = 0;
		};
		5052638B1F4B02EE00113180 /* Sources */ = {
			isa = PBXSourcesBuildPhase;
			buildActionMask = 2147483647;
			files = (
				505263941F4B02EE00113180 /* Kiretan0Tests.swift in Sources */,
			);
			runOnlyForDeploymentPostprocessing = 0;
		};
/* End PBXSourcesBuildPhase section */

/* Begin PBXTargetDependency section */
		505263911F4B02EE00113180 /* PBXTargetDependency */ = {
			isa = PBXTargetDependency;
			target = 5052637A1F4B02EE00113180 /* Kiretan0 */;
			targetProxy = 505263901F4B02EE00113180 /* PBXContainerItemProxy */;
		};
/* End PBXTargetDependency section */

/* Begin PBXVariantGroup section */
		505263821F4B02EE00113180 /* Main.storyboard */ = {
			isa = PBXVariantGroup;
			children = (
				505263831F4B02EE00113180 /* Base */,
			);
			name = Main.storyboard;
			sourceTree = "<group>";
		};
		505263871F4B02EE00113180 /* LaunchScreen.storyboard */ = {
			isa = PBXVariantGroup;
			children = (
				505263881F4B02EE00113180 /* Base */,
			);
			name = LaunchScreen.storyboard;
			sourceTree = "<group>";
		};
/* End PBXVariantGroup section */

/* Begin XCBuildConfiguration section */
		505263961F4B02EE00113180 /* Debug */ = {
			isa = XCBuildConfiguration;
			buildSettings = {
				ALWAYS_SEARCH_USER_PATHS = NO;
				CLANG_ANALYZER_NONNULL = YES;
				CLANG_ANALYZER_NUMBER_OBJECT_CONVERSION = YES_AGGRESSIVE;
				CLANG_CXX_LANGUAGE_STANDARD = "gnu++0x";
				CLANG_CXX_LIBRARY = "libc++";
				CLANG_ENABLE_MODULES = YES;
				CLANG_ENABLE_OBJC_ARC = YES;
				CLANG_WARN_BOOL_CONVERSION = YES;
				CLANG_WARN_CONSTANT_CONVERSION = YES;
				CLANG_WARN_DIRECT_OBJC_ISA_USAGE = YES_ERROR;
				CLANG_WARN_DOCUMENTATION_COMMENTS = YES;
				CLANG_WARN_EMPTY_BODY = YES;
				CLANG_WARN_ENUM_CONVERSION = YES;
				CLANG_WARN_INFINITE_RECURSION = YES;
				CLANG_WARN_INT_CONVERSION = YES;
				CLANG_WARN_OBJC_ROOT_CLASS = YES_ERROR;
				CLANG_WARN_SUSPICIOUS_MOVE = YES;
				CLANG_WARN_UNREACHABLE_CODE = YES;
				CLANG_WARN__DUPLICATE_METHOD_MATCH = YES;
				"CODE_SIGN_IDENTITY[sdk=iphoneos*]" = "iPhone Developer";
				COPY_PHASE_STRIP = NO;
				DEBUG_INFORMATION_FORMAT = dwarf;
				ENABLE_STRICT_OBJC_MSGSEND = YES;
				ENABLE_TESTABILITY = YES;
				GCC_C_LANGUAGE_STANDARD = gnu99;
				GCC_DYNAMIC_NO_PIC = NO;
				GCC_NO_COMMON_BLOCKS = YES;
				GCC_OPTIMIZATION_LEVEL = 0;
				GCC_PREPROCESSOR_DEFINITIONS = (
					"DEBUG=1",
					"$(inherited)",
				);
				GCC_WARN_64_TO_32_BIT_CONVERSION = YES;
				GCC_WARN_ABOUT_RETURN_TYPE = YES_ERROR;
				GCC_WARN_UNDECLARED_SELECTOR = YES;
				GCC_WARN_UNINITIALIZED_AUTOS = YES_AGGRESSIVE;
				GCC_WARN_UNUSED_FUNCTION = YES;
				GCC_WARN_UNUSED_VARIABLE = YES;
				IPHONEOS_DEPLOYMENT_TARGET = 10.3;
				MTL_ENABLE_DEBUG_INFO = YES;
				ONLY_ACTIVE_ARCH = YES;
				SDKROOT = iphoneos;
				SWIFT_ACTIVE_COMPILATION_CONDITIONS = DEBUG;
				SWIFT_OPTIMIZATION_LEVEL = "-Onone";
				TARGETED_DEVICE_FAMILY = "1,2";
			};
			name = Debug;
		};
		505263971F4B02EE00113180 /* Release */ = {
			isa = XCBuildConfiguration;
			buildSettings = {
				ALWAYS_SEARCH_USER_PATHS = NO;
				CLANG_ANALYZER_NONNULL = YES;
				CLANG_ANALYZER_NUMBER_OBJECT_CONVERSION = YES_AGGRESSIVE;
				CLANG_CXX_LANGUAGE_STANDARD = "gnu++0x";
				CLANG_CXX_LIBRARY = "libc++";
				CLANG_ENABLE_MODULES = YES;
				CLANG_ENABLE_OBJC_ARC = YES;
				CLANG_WARN_BOOL_CONVERSION = YES;
				CLANG_WARN_CONSTANT_CONVERSION = YES;
				CLANG_WARN_DIRECT_OBJC_ISA_USAGE = YES_ERROR;
				CLANG_WARN_DOCUMENTATION_COMMENTS = YES;
				CLANG_WARN_EMPTY_BODY = YES;
				CLANG_WARN_ENUM_CONVERSION = YES;
				CLANG_WARN_INFINITE_RECURSION = YES;
				CLANG_WARN_INT_CONVERSION = YES;
				CLANG_WARN_OBJC_ROOT_CLASS = YES_ERROR;
				CLANG_WARN_SUSPICIOUS_MOVE = YES;
				CLANG_WARN_UNREACHABLE_CODE = YES;
				CLANG_WARN__DUPLICATE_METHOD_MATCH = YES;
				"CODE_SIGN_IDENTITY[sdk=iphoneos*]" = "iPhone Developer";
				COPY_PHASE_STRIP = NO;
				DEBUG_INFORMATION_FORMAT = "dwarf-with-dsym";
				ENABLE_NS_ASSERTIONS = NO;
				ENABLE_STRICT_OBJC_MSGSEND = YES;
				GCC_C_LANGUAGE_STANDARD = gnu99;
				GCC_NO_COMMON_BLOCKS = YES;
				GCC_WARN_64_TO_32_BIT_CONVERSION = YES;
				GCC_WARN_ABOUT_RETURN_TYPE = YES_ERROR;
				GCC_WARN_UNDECLARED_SELECTOR = YES;
				GCC_WARN_UNINITIALIZED_AUTOS = YES_AGGRESSIVE;
				GCC_WARN_UNUSED_FUNCTION = YES;
				GCC_WARN_UNUSED_VARIABLE = YES;
				IPHONEOS_DEPLOYMENT_TARGET = 10.3;
				MTL_ENABLE_DEBUG_INFO = NO;
				SDKROOT = iphoneos;
				SWIFT_OPTIMIZATION_LEVEL = "-Owholemodule";
				TARGETED_DEVICE_FAMILY = "1,2";
				VALIDATE_PRODUCT = YES;
			};
			name = Release;
		};
		505263991F4B02EE00113180 /* Debug */ = {
			isa = XCBuildConfiguration;
			baseConfigurationReference = 9CF2917EE1153BEF1E256A5E /* Pods-Kiretan0.debug.xcconfig */;
			buildSettings = {
				ASSETCATALOG_COMPILER_APPICON_NAME = AppIcon;
				DEVELOPMENT_TEAM = EPZSBGGQZS;
				FRAMEWORK_SEARCH_PATHS = (
					"$(inherited)",
					"$(PROJECT_DIR)/Carthage/Build/iOS",
				);
				INFOPLIST_FILE = Kiretan0/Info.plist;
				LD_RUNPATH_SEARCH_PATHS = "$(inherited) @executable_path/Frameworks";
				PRODUCT_BUNDLE_IDENTIFIER = com.hironytic.Kiretan0;
				PRODUCT_NAME = "$(TARGET_NAME)";
				SWIFT_VERSION = 3.0;
			};
			name = Debug;
		};
		5052639A1F4B02EE00113180 /* Release */ = {
			isa = XCBuildConfiguration;
			baseConfigurationReference = AC175F8B0AC660C9AE7F3431 /* Pods-Kiretan0.release.xcconfig */;
			buildSettings = {
				ASSETCATALOG_COMPILER_APPICON_NAME = AppIcon;
				DEVELOPMENT_TEAM = EPZSBGGQZS;
				FRAMEWORK_SEARCH_PATHS = (
					"$(inherited)",
					"$(PROJECT_DIR)/Carthage/Build/iOS",
				);
				INFOPLIST_FILE = Kiretan0/Info.plist;
				LD_RUNPATH_SEARCH_PATHS = "$(inherited) @executable_path/Frameworks";
				PRODUCT_BUNDLE_IDENTIFIER = com.hironytic.Kiretan0;
				PRODUCT_NAME = "$(TARGET_NAME)";
				SWIFT_VERSION = 3.0;
			};
			name = Release;
		};
		5052639C1F4B02EE00113180 /* Debug */ = {
			isa = XCBuildConfiguration;
			baseConfigurationReference = 1E1419A3FC37931B6B74467B /* Pods-Kiretan0Tests.debug.xcconfig */;
			buildSettings = {
				ALWAYS_EMBED_SWIFT_STANDARD_LIBRARIES = YES;
				BUNDLE_LOADER = "$(TEST_HOST)";
				DEVELOPMENT_TEAM = EPZSBGGQZS;
				INFOPLIST_FILE = Kiretan0Tests/Info.plist;
				LD_RUNPATH_SEARCH_PATHS = "$(inherited) @executable_path/Frameworks @loader_path/Frameworks";
				PRODUCT_BUNDLE_IDENTIFIER = com.hironytic.Kiretan0Tests;
				PRODUCT_NAME = "$(TARGET_NAME)";
				SWIFT_VERSION = 3.0;
				TEST_HOST = "$(BUILT_PRODUCTS_DIR)/Kiretan0.app/Kiretan0";
			};
			name = Debug;
		};
		5052639D1F4B02EE00113180 /* Release */ = {
			isa = XCBuildConfiguration;
			baseConfigurationReference = 814DE02FC637B398D9A08055 /* Pods-Kiretan0Tests.release.xcconfig */;
			buildSettings = {
				ALWAYS_EMBED_SWIFT_STANDARD_LIBRARIES = YES;
				BUNDLE_LOADER = "$(TEST_HOST)";
				DEVELOPMENT_TEAM = EPZSBGGQZS;
				INFOPLIST_FILE = Kiretan0Tests/Info.plist;
				LD_RUNPATH_SEARCH_PATHS = "$(inherited) @executable_path/Frameworks @loader_path/Frameworks";
				PRODUCT_BUNDLE_IDENTIFIER = com.hironytic.Kiretan0Tests;
				PRODUCT_NAME = "$(TARGET_NAME)";
				SWIFT_VERSION = 3.0;
				TEST_HOST = "$(BUILT_PRODUCTS_DIR)/Kiretan0.app/Kiretan0";
			};
			name = Release;
		};
/* End XCBuildConfiguration section */

/* Begin XCConfigurationList section */
		505263761F4B02EE00113180 /* Build configuration list for PBXProject "Kiretan0" */ = {
			isa = XCConfigurationList;
			buildConfigurations = (
				505263961F4B02EE00113180 /* Debug */,
				505263971F4B02EE00113180 /* Release */,
			);
			defaultConfigurationIsVisible = 0;
			defaultConfigurationName = Release;
		};
		505263981F4B02EE00113180 /* Build configuration list for PBXNativeTarget "Kiretan0" */ = {
			isa = XCConfigurationList;
			buildConfigurations = (
				505263991F4B02EE00113180 /* Debug */,
				5052639A1F4B02EE00113180 /* Release */,
			);
			defaultConfigurationIsVisible = 0;
			defaultConfigurationName = Release;
		};
		5052639B1F4B02EE00113180 /* Build configuration list for PBXNativeTarget "Kiretan0Tests" */ = {
			isa = XCConfigurationList;
			buildConfigurations = (
				5052639C1F4B02EE00113180 /* Debug */,
				5052639D1F4B02EE00113180 /* Release */,
			);
			defaultConfigurationIsVisible = 0;
			defaultConfigurationName = Release;
		};
/* End XCConfigurationList section */
	};
	rootObject = 505263731F4B02EE00113180 /* Project object */;
}
